// !$*UTF8*$!
{
	archiveVersion = 1;
	classes = {
	};
	objectVersion = 46;
	objects = {

/* Begin PBXBuildFile section */
		128AEF5B1E91069A003FD79A /* ModuleAssembly.swift in Sources */ = {isa = PBXBuildFile; fileRef = 128AEF5A1E91069A003FD79A /* ModuleAssembly.swift */; };
		128AEF5D1E91070F003FD79A /* OnboardingAssembly.swift in Sources */ = {isa = PBXBuildFile; fileRef = 128AEF5C1E91070F003FD79A /* OnboardingAssembly.swift */; };
		128AEF601E9107E4003FD79A /* Constants.swift in Sources */ = {isa = PBXBuildFile; fileRef = 128AEF5F1E9107E4003FD79A /* Constants.swift */; };
		128AEF641E910944003FD79A /* InitialUserStoriesCoordinatorsFactory.swift in Sources */ = {isa = PBXBuildFile; fileRef = 128AEF621E910944003FD79A /* InitialUserStoriesCoordinatorsFactory.swift */; };
		128AEF651E910944003FD79A /* InitialUserStoriesCoordinatorsFactoryImplementation.swift in Sources */ = {isa = PBXBuildFile; fileRef = 128AEF631E910944003FD79A /* InitialUserStoriesCoordinatorsFactoryImplementation.swift */; };
		12C793BB1E912C6B00B9389F /* ApplicationCoordinatorFactory.swift in Sources */ = {isa = PBXBuildFile; fileRef = 12C793BA1E912C6B00B9389F /* ApplicationCoordinatorFactory.swift */; };
		12C793C31E912D4B00B9389F /* AppTabBarController.swift in Sources */ = {isa = PBXBuildFile; fileRef = 12C793C21E912D4B00B9389F /* AppTabBarController.swift */; };
		12C793CC1E912DAD00B9389F /* Observable.swift in Sources */ = {isa = PBXBuildFile; fileRef = 12C793C51E912DAD00B9389F /* Observable.swift */; };
		12C793CD1E912DAD00B9389F /* TabBarEmbedding.swift in Sources */ = {isa = PBXBuildFile; fileRef = 12C793C61E912DAD00B9389F /* TabBarEmbedding.swift */; };
		12C793CE1E912DAD00B9389F /* UIColor.swift in Sources */ = {isa = PBXBuildFile; fileRef = 12C793C71E912DAD00B9389F /* UIColor.swift */; };
		12C793CF1E912DAD00B9389F /* UIImage.swift in Sources */ = {isa = PBXBuildFile; fileRef = 12C793C81E912DAD00B9389F /* UIImage.swift */; };
		12C793D01E912DAD00B9389F /* UIStoryboard.swift in Sources */ = {isa = PBXBuildFile; fileRef = 12C793C91E912DAD00B9389F /* UIStoryboard.swift */; };
		12C793D11E912DAD00B9389F /* UITableView.swift in Sources */ = {isa = PBXBuildFile; fileRef = 12C793CA1E912DAD00B9389F /* UITableView.swift */; };
		12C793D21E912DAD00B9389F /* UIViewController.swift in Sources */ = {isa = PBXBuildFile; fileRef = 12C793CB1E912DAD00B9389F /* UIViewController.swift */; };
		12C793FB1E9135F300B9389F /* ReportsCoordinator.swift in Sources */ = {isa = PBXBuildFile; fileRef = 12C793D81E9135F300B9389F /* ReportsCoordinator.swift */; };
		12C793FC1E9135F300B9389F /* ReportsCoordinatorImplementation.swift in Sources */ = {isa = PBXBuildFile; fileRef = 12C793D91E9135F300B9389F /* ReportsCoordinatorImplementation.swift */; };
		12C793FD1E9135F300B9389F /* ReportsCoordinatorOutput.swift in Sources */ = {isa = PBXBuildFile; fileRef = 12C793DA1E9135F300B9389F /* ReportsCoordinatorOutput.swift */; };
		12C793FE1E9135F300B9389F /* PresentationCell.swift in Sources */ = {isa = PBXBuildFile; fileRef = 12C793DF1E9135F300B9389F /* PresentationCell.swift */; };
		12C793FF1E9135F300B9389F /* PresentationCell.xib in Resources */ = {isa = PBXBuildFile; fileRef = 12C793E01E9135F300B9389F /* PresentationCell.xib */; };
		12C794001E9135F300B9389F /* PresentationCellViewModel.swift in Sources */ = {isa = PBXBuildFile; fileRef = 12C793E11E9135F300B9389F /* PresentationCellViewModel.swift */; };
		12C794011E9135F300B9389F /* FeedView.swift in Sources */ = {isa = PBXBuildFile; fileRef = 12C793E21E9135F300B9389F /* FeedView.swift */; };
		12C794021E9135F300B9389F /* FeedViewController.swift in Sources */ = {isa = PBXBuildFile; fileRef = 12C793E31E9135F300B9389F /* FeedViewController.swift */; };
		12C794031E9135F300B9389F /* FeedModuleOutput.swift in Sources */ = {isa = PBXBuildFile; fileRef = 12C793E51E9135F300B9389F /* FeedModuleOutput.swift */; };
		12C794041E9135F300B9389F /* FeedViewModel.swift in Sources */ = {isa = PBXBuildFile; fileRef = 12C793E61E9135F300B9389F /* FeedViewModel.swift */; };
		12C794051E9135F300B9389F /* FeedViewModelImplementation.swift in Sources */ = {isa = PBXBuildFile; fileRef = 12C793E71E9135F300B9389F /* FeedViewModelImplementation.swift */; };
		12C794061E9135F300B9389F /* FilterCellViewModel.swift in Sources */ = {isa = PBXBuildFile; fileRef = 12C793EB1E9135F300B9389F /* FilterCellViewModel.swift */; };
		12C794071E9135F300B9389F /* SectionFilterCellViewModel.swift in Sources */ = {isa = PBXBuildFile; fileRef = 12C793EC1E9135F300B9389F /* SectionFilterCellViewModel.swift */; };
		12C794081E9135F300B9389F /* TickFilterCell.swift in Sources */ = {isa = PBXBuildFile; fileRef = 12C793EE1E9135F300B9389F /* TickFilterCell.swift */; };
		12C794091E9135F300B9389F /* TickFilterCell.xib in Resources */ = {isa = PBXBuildFile; fileRef = 12C793EF1E9135F300B9389F /* TickFilterCell.xib */; };
		12C7940A1E9135F300B9389F /* TickFilterCellViewModel.swift in Sources */ = {isa = PBXBuildFile; fileRef = 12C793F01E9135F300B9389F /* TickFilterCellViewModel.swift */; };
		12C7940B1E9135F300B9389F /* FiltersView.swift in Sources */ = {isa = PBXBuildFile; fileRef = 12C793F11E9135F300B9389F /* FiltersView.swift */; };
		12C7940C1E9135F300B9389F /* FiltersViewController.swift in Sources */ = {isa = PBXBuildFile; fileRef = 12C793F21E9135F300B9389F /* FiltersViewController.swift */; };
		12C7940D1E9135F300B9389F /* FilterModuleOutput.swift in Sources */ = {isa = PBXBuildFile; fileRef = 12C793F41E9135F300B9389F /* FilterModuleOutput.swift */; };
		12C7940E1E9135F300B9389F /* FilterCellViewModelFactory.swift in Sources */ = {isa = PBXBuildFile; fileRef = 12C793F61E9135F300B9389F /* FilterCellViewModelFactory.swift */; };
		12C7940F1E9135F300B9389F /* FilterCellViewModelFactoryImplementation.swift in Sources */ = {isa = PBXBuildFile; fileRef = 12C793F71E9135F300B9389F /* FilterCellViewModelFactoryImplementation.swift */; };
		12C794101E9135F300B9389F /* FiltersViewModel.swift in Sources */ = {isa = PBXBuildFile; fileRef = 12C793F81E9135F300B9389F /* FiltersViewModel.swift */; };
		12C794111E9135F300B9389F /* FiltersViewModelImplementation.swift in Sources */ = {isa = PBXBuildFile; fileRef = 12C793F91E9135F300B9389F /* FiltersViewModelImplementation.swift */; };
		12C794121E9135F300B9389F /* Reports.storyboard in Resources */ = {isa = PBXBuildFile; fileRef = 12C793FA1E9135F300B9389F /* Reports.storyboard */; };
		12C794161E913D6400B9389F /* FavouritesFeedAssembly.swift in Sources */ = {isa = PBXBuildFile; fileRef = 12C794151E913D6400B9389F /* FavouritesFeedAssembly.swift */; };
		12C794191E913DEB00B9389F /* ReportsFeedAssembly.swift in Sources */ = {isa = PBXBuildFile; fileRef = 12C794181E913DEB00B9389F /* ReportsFeedAssembly.swift */; };
		12C7941C1E913E8100B9389F /* ReportsFiltersAssembly.swift in Sources */ = {isa = PBXBuildFile; fileRef = 12C7941B1E913E8100B9389F /* ReportsFiltersAssembly.swift */; };
		12C7941F1E913F8E00B9389F /* ReportsUserStoryAssembliesFactory.swift in Sources */ = {isa = PBXBuildFile; fileRef = 12C7941E1E913F8E00B9389F /* ReportsUserStoryAssembliesFactory.swift */; };
		12C794211E913FF800B9389F /* ReportsUserStoryAssembliesFactoryImplementation.swift in Sources */ = {isa = PBXBuildFile; fileRef = 12C794201E913FF800B9389F /* ReportsUserStoryAssembliesFactoryImplementation.swift */; };
		5AF5A1545E1A8BF150582F85 /* Pods_StachkaIOS.framework in Frameworks */ = {isa = PBXBuildFile; fileRef = 19E758D4E38E6E1B9BEB60EF /* Pods_StachkaIOS.framework */; };
		9E10514F1E8D939E00B83411 /* FilterService.swift in Sources */ = {isa = PBXBuildFile; fileRef = 9E10514E1E8D939E00B83411 /* FilterService.swift */; };
		9E1051511E8D93EF00B83411 /* FilterServiceImplementation.swift in Sources */ = {isa = PBXBuildFile; fileRef = 9E1051501E8D93EF00B83411 /* FilterServiceImplementation.swift */; };
		9E1051541E8E46EF00B83411 /* FilterFactory.swift in Sources */ = {isa = PBXBuildFile; fileRef = 9E1051531E8E46EF00B83411 /* FilterFactory.swift */; };
		9E1051561E8E470600B83411 /* FilterFactoryImplementation.swift in Sources */ = {isa = PBXBuildFile; fileRef = 9E1051551E8E470600B83411 /* FilterFactoryImplementation.swift */; };
		9E1051631E8EBB5700B83411 /* RealmConfigurator.swift in Sources */ = {isa = PBXBuildFile; fileRef = 9E1051621E8EBB5700B83411 /* RealmConfigurator.swift */; };
		9E1051651E8EBB8400B83411 /* RealmConfiguratorImplementation.swift in Sources */ = {isa = PBXBuildFile; fileRef = 9E1051641E8EBB8400B83411 /* RealmConfiguratorImplementation.swift */; };
		9E1051791E8F07F500B83411 /* Deserializer.swift in Sources */ = {isa = PBXBuildFile; fileRef = 9E1051671E8F07F500B83411 /* Deserializer.swift */; };
		9E10517A1E8F07F500B83411 /* JSONDeserializer.swift in Sources */ = {isa = PBXBuildFile; fileRef = 9E1051681E8F07F500B83411 /* JSONDeserializer.swift */; };
		9E10517B1E8F07F500B83411 /* NetworkClient.swift in Sources */ = {isa = PBXBuildFile; fileRef = 9E10516A1E8F07F500B83411 /* NetworkClient.swift */; };
		9E10517C1E8F07F500B83411 /* NetworkClientImplementation.swift in Sources */ = {isa = PBXBuildFile; fileRef = 9E10516B1E8F07F500B83411 /* NetworkClientImplementation.swift */; };
		9E10517D1E8F07F500B83411 /* NetworkRequestConstants.swift in Sources */ = {isa = PBXBuildFile; fileRef = 9E10516D1E8F07F500B83411 /* NetworkRequestConstants.swift */; };
		9E10517E1E8F07F500B83411 /* NetworkRequestErrors.swift in Sources */ = {isa = PBXBuildFile; fileRef = 9E10516E1E8F07F500B83411 /* NetworkRequestErrors.swift */; };
		9E10517F1E8F07F500B83411 /* RequestBuilder.swift in Sources */ = {isa = PBXBuildFile; fileRef = 9E10516F1E8F07F500B83411 /* RequestBuilder.swift */; };
		9E1051801E8F07F500B83411 /* RequestBuilderConfiguration.swift in Sources */ = {isa = PBXBuildFile; fileRef = 9E1051701E8F07F500B83411 /* RequestBuilderConfiguration.swift */; };
		9E1051811E8F07F500B83411 /* RequestBuilderImplementation.swift in Sources */ = {isa = PBXBuildFile; fileRef = 9E1051711E8F07F500B83411 /* RequestBuilderImplementation.swift */; };
		9E1051841E8F07F500B83411 /* URLBuilder.swift in Sources */ = {isa = PBXBuildFile; fileRef = 9E1051761E8F07F500B83411 /* URLBuilder.swift */; };
		9E1051851E8F07F500B83411 /* URLBuilderImplementation.swift in Sources */ = {isa = PBXBuildFile; fileRef = 9E1051771E8F07F500B83411 /* URLBuilderImplementation.swift */; };
		9E1051861E8F07F500B83411 /* URLParametersTransformable.swift in Sources */ = {isa = PBXBuildFile; fileRef = 9E1051781E8F07F500B83411 /* URLParametersTransformable.swift */; };
		9E1051891E8F0C7900B83411 /* PresentationService.swift in Sources */ = {isa = PBXBuildFile; fileRef = 9E1051881E8F0C7900B83411 /* PresentationService.swift */; };
		9E10518C1E8F8F4200B83411 /* Presentation.swift in Sources */ = {isa = PBXBuildFile; fileRef = 9E10518B1E8F8F4200B83411 /* Presentation.swift */; };
		9E10518E1E8F8FC300B83411 /* PresentationServcieConfiguration.swift in Sources */ = {isa = PBXBuildFile; fileRef = 9E10518D1E8F8FC300B83411 /* PresentationServcieConfiguration.swift */; };
		9E1051901E8F90FC00B83411 /* PresentationServiceImplementation.swift in Sources */ = {isa = PBXBuildFile; fileRef = 9E10518F1E8F90FC00B83411 /* PresentationServiceImplementation.swift */; };
		9E1051951E8F9C8100B83411 /* SearchConfigurationFactory.swift in Sources */ = {isa = PBXBuildFile; fileRef = 9E1051941E8F9C8100B83411 /* SearchConfigurationFactory.swift */; };
		9E1051971E8F9CCB00B83411 /* SearchConfigurationFactoryImplementation.swift in Sources */ = {isa = PBXBuildFile; fileRef = 9E1051961E8F9CCB00B83411 /* SearchConfigurationFactoryImplementation.swift */; };
		9E5D0CBA1E8996E500E8B226 /* CoordinatorConfigurable.swift in Sources */ = {isa = PBXBuildFile; fileRef = 9E5D0CB91E8996E500E8B226 /* CoordinatorConfigurable.swift */; };
		9E5D0CBD1E89975900E8B226 /* ModuleInput.swift in Sources */ = {isa = PBXBuildFile; fileRef = 9E5D0CBC1E89975900E8B226 /* ModuleInput.swift */; };
		9E5D0CBF1E899D9F00E8B226 /* CoordinatorOutput.swift in Sources */ = {isa = PBXBuildFile; fileRef = 9E5D0CBE1E899D9F00E8B226 /* CoordinatorOutput.swift */; };
		9E5D0CC51E899E7700E8B226 /* Filter.swift in Sources */ = {isa = PBXBuildFile; fileRef = 9E5D0CC41E899E7700E8B226 /* Filter.swift */; };
		9E5D0CC71E899F1500E8B226 /* SectionFilter.swift in Sources */ = {isa = PBXBuildFile; fileRef = 9E5D0CC61E899F1500E8B226 /* SectionFilter.swift */; };
		9ED9026A1E86B8BC004CBEFD /* Main.storyboard in Resources */ = {isa = PBXBuildFile; fileRef = 9ED902681E86B8BC004CBEFD /* Main.storyboard */; };
		9ED9026C1E86B8BC004CBEFD /* Assets.xcassets in Resources */ = {isa = PBXBuildFile; fileRef = 9ED9026B1E86B8BC004CBEFD /* Assets.xcassets */; };
		9ED9026F1E86B8BC004CBEFD /* LaunchScreen.storyboard in Resources */ = {isa = PBXBuildFile; fileRef = 9ED9026D1E86B8BC004CBEFD /* LaunchScreen.storyboard */; };
		9ED9027A1E86B8BC004CBEFD /* StachkaIOSTests.swift in Sources */ = {isa = PBXBuildFile; fileRef = 9ED902791E86B8BC004CBEFD /* StachkaIOSTests.swift */; };
		9ED902881E86B940004CBEFD /* AppDelegate.swift in Sources */ = {isa = PBXBuildFile; fileRef = 9ED902861E86B940004CBEFD /* AppDelegate.swift */; };
		9ED902931E86BA02004CBEFD /* Coordinator.swift in Sources */ = {isa = PBXBuildFile; fileRef = 9ED902921E86BA02004CBEFD /* Coordinator.swift */; };
		9ED902951E86BA25004CBEFD /* CoordinatorWithDependencies.swift in Sources */ = {isa = PBXBuildFile; fileRef = 9ED902941E86BA25004CBEFD /* CoordinatorWithDependencies.swift */; };
		9ED902981E86BA6F004CBEFD /* AssemblyFactory.swift in Sources */ = {isa = PBXBuildFile; fileRef = 9ED902971E86BA6F004CBEFD /* AssemblyFactory.swift */; };
		9ED9029E1E86BC1E004CBEFD /* ApplicationCoordinator.swift in Sources */ = {isa = PBXBuildFile; fileRef = 9ED9029D1E86BC1E004CBEFD /* ApplicationCoordinator.swift */; };
		9ED902A01E86BC4A004CBEFD /* ApplicationCoordinatorImplementation.swift in Sources */ = {isa = PBXBuildFile; fileRef = 9ED9029F1E86BC4A004CBEFD /* ApplicationCoordinatorImplementation.swift */; };
		9ED902AF1E87A1A2004CBEFD /* AssemblyFactoryImplementation.swift in Sources */ = {isa = PBXBuildFile; fileRef = 9ED902AE1E87A1A2004CBEFD /* AssemblyFactoryImplementation.swift */; };
		9ED902B71E87A662004CBEFD /* CoordinatorAssembly.swift in Sources */ = {isa = PBXBuildFile; fileRef = 9ED902B51E87A662004CBEFD /* CoordinatorAssembly.swift */; };
		9ED902B81E87A662004CBEFD /* CoordinatorAssemblyImplementation.swift in Sources */ = {isa = PBXBuildFile; fileRef = 9ED902B61E87A662004CBEFD /* CoordinatorAssemblyImplementation.swift */; };
		9ED902BA1E87A6BF004CBEFD /* HelperAssembly.swift in Sources */ = {isa = PBXBuildFile; fileRef = 9ED902B91E87A6BF004CBEFD /* HelperAssembly.swift */; };
		9ED902BC1E87A6DC004CBEFD /* HelperAssemblyImplementation.swift in Sources */ = {isa = PBXBuildFile; fileRef = 9ED902BB1E87A6DC004CBEFD /* HelperAssemblyImplementation.swift */; };
		9ED902BE1E87A718004CBEFD /* ServiceAssembly.swift in Sources */ = {isa = PBXBuildFile; fileRef = 9ED902BD1E87A718004CBEFD /* ServiceAssembly.swift */; };
		9ED902C01E87A74C004CBEFD /* ServiceAssemblyImplementation.swift in Sources */ = {isa = PBXBuildFile; fileRef = 9ED902BF1E87A74C004CBEFD /* ServiceAssemblyImplementation.swift */; };
		9ED902C21E87A770004CBEFD /* CoreAssembly.swift in Sources */ = {isa = PBXBuildFile; fileRef = 9ED902C11E87A770004CBEFD /* CoreAssembly.swift */; };
		9ED902C41E87A7A6004CBEFD /* CoreAssemblyImplementation.swift in Sources */ = {isa = PBXBuildFile; fileRef = 9ED902C31E87A7A6004CBEFD /* CoreAssemblyImplementation.swift */; };
		9ED902C61E87A7D0004CBEFD /* UserStoryAssembly.swift in Sources */ = {isa = PBXBuildFile; fileRef = 9ED902C51E87A7D0004CBEFD /* UserStoryAssembly.swift */; };
		9ED902C81E87A7EC004CBEFD /* UserStoryAssemblyImplementation.swift in Sources */ = {isa = PBXBuildFile; fileRef = 9ED902C71E87A7EC004CBEFD /* UserStoryAssemblyImplementation.swift */; };
		9ED902CB1E87C4C7004CBEFD /* ModuleOutputProvider.swift in Sources */ = {isa = PBXBuildFile; fileRef = 9ED902CA1E87C4C7004CBEFD /* ModuleOutputProvider.swift */; };
		9ED902CE1E87C52B004CBEFD /* ModuleOutput.swift in Sources */ = {isa = PBXBuildFile; fileRef = 9ED902CD1E87C52B004CBEFD /* ModuleOutput.swift */; };
		9ED902E51E87DAEE004CBEFD /* FavouritesFeedViewModelImplementation.swift in Sources */ = {isa = PBXBuildFile; fileRef = 9ED902E41E87DAEE004CBEFD /* FavouritesFeedViewModelImplementation.swift */; };
		9ED902E71E87DB0C004CBEFD /* FavouritesFeedModuleOutput.swift in Sources */ = {isa = PBXBuildFile; fileRef = 9ED902E61E87DB0C004CBEFD /* FavouritesFeedModuleOutput.swift */; };
		9ED902EB1E87DD9F004CBEFD /* FavouritesFeedViewModel.swift in Sources */ = {isa = PBXBuildFile; fileRef = 9ED902EA1E87DD9F004CBEFD /* FavouritesFeedViewModel.swift */; };
		9ED902F21E87E3BD004CBEFD /* FavouritesCoordinator.swift in Sources */ = {isa = PBXBuildFile; fileRef = 9ED902F11E87E3BD004CBEFD /* FavouritesCoordinator.swift */; };
		9ED902F41E87E3D5004CBEFD /* FavouritesCoordinatorImplementation.swift in Sources */ = {isa = PBXBuildFile; fileRef = 9ED902F31E87E3D5004CBEFD /* FavouritesCoordinatorImplementation.swift */; };
		9ED902FA1E880DA7004CBEFD /* ConfigurableCell.swift in Sources */ = {isa = PBXBuildFile; fileRef = 9ED902F91E880DA7004CBEFD /* ConfigurableCell.swift */; };
		9ED9030A1E88E69E004CBEFD /* OnboardingViewController.swift in Sources */ = {isa = PBXBuildFile; fileRef = 9ED903091E88E69E004CBEFD /* OnboardingViewController.swift */; };
/* End PBXBuildFile section */

/* Begin PBXContainerItemProxy section */
		9ED902761E86B8BC004CBEFD /* PBXContainerItemProxy */ = {
			isa = PBXContainerItemProxy;
			containerPortal = 9ED902591E86B8BC004CBEFD /* Project object */;
			proxyType = 1;
			remoteGlobalIDString = 9ED902601E86B8BC004CBEFD;
			remoteInfo = StachkaIOS;
		};
/* End PBXContainerItemProxy section */

/* Begin PBXCopyFilesBuildPhase section */
		9E1051481E8B99DD00B83411 /* Embed Frameworks */ = {
			isa = PBXCopyFilesBuildPhase;
			buildActionMask = 2147483647;
			dstPath = "";
			dstSubfolderSpec = 10;
			files = (
			);
			name = "Embed Frameworks";
			runOnlyForDeploymentPostprocessing = 0;
		};
/* End PBXCopyFilesBuildPhase section */

/* Begin PBXFileReference section */
		03D475E69874851AD2BBC16E /* Pods-StachkaIOS.release.xcconfig */ = {isa = PBXFileReference; includeInIndex = 1; lastKnownFileType = text.xcconfig; name = "Pods-StachkaIOS.release.xcconfig"; path = "Pods/Target Support Files/Pods-StachkaIOS/Pods-StachkaIOS.release.xcconfig"; sourceTree = "<group>"; };
		128AEF5A1E91069A003FD79A /* ModuleAssembly.swift */ = {isa = PBXFileReference; fileEncoding = 4; lastKnownFileType = sourcecode.swift; path = ModuleAssembly.swift; sourceTree = "<group>"; };
		128AEF5C1E91070F003FD79A /* OnboardingAssembly.swift */ = {isa = PBXFileReference; fileEncoding = 4; lastKnownFileType = sourcecode.swift; path = OnboardingAssembly.swift; sourceTree = "<group>"; };
		128AEF5F1E9107E4003FD79A /* Constants.swift */ = {isa = PBXFileReference; fileEncoding = 4; lastKnownFileType = sourcecode.swift; path = Constants.swift; sourceTree = "<group>"; };
		128AEF621E910944003FD79A /* InitialUserStoriesCoordinatorsFactory.swift */ = {isa = PBXFileReference; fileEncoding = 4; lastKnownFileType = sourcecode.swift; path = InitialUserStoriesCoordinatorsFactory.swift; sourceTree = "<group>"; };
		128AEF631E910944003FD79A /* InitialUserStoriesCoordinatorsFactoryImplementation.swift */ = {isa = PBXFileReference; fileEncoding = 4; lastKnownFileType = sourcecode.swift; path = InitialUserStoriesCoordinatorsFactoryImplementation.swift; sourceTree = "<group>"; };
		12C793BA1E912C6B00B9389F /* ApplicationCoordinatorFactory.swift */ = {isa = PBXFileReference; fileEncoding = 4; lastKnownFileType = sourcecode.swift; path = ApplicationCoordinatorFactory.swift; sourceTree = "<group>"; };
		12C793C21E912D4B00B9389F /* AppTabBarController.swift */ = {isa = PBXFileReference; fileEncoding = 4; lastKnownFileType = sourcecode.swift; path = AppTabBarController.swift; sourceTree = "<group>"; };
		12C793C51E912DAD00B9389F /* Observable.swift */ = {isa = PBXFileReference; fileEncoding = 4; lastKnownFileType = sourcecode.swift; path = Observable.swift; sourceTree = "<group>"; };
		12C793C61E912DAD00B9389F /* TabBarEmbedding.swift */ = {isa = PBXFileReference; fileEncoding = 4; lastKnownFileType = sourcecode.swift; path = TabBarEmbedding.swift; sourceTree = "<group>"; };
		12C793C71E912DAD00B9389F /* UIColor.swift */ = {isa = PBXFileReference; fileEncoding = 4; lastKnownFileType = sourcecode.swift; path = UIColor.swift; sourceTree = "<group>"; };
		12C793C81E912DAD00B9389F /* UIImage.swift */ = {isa = PBXFileReference; fileEncoding = 4; lastKnownFileType = sourcecode.swift; path = UIImage.swift; sourceTree = "<group>"; };
		12C793C91E912DAD00B9389F /* UIStoryboard.swift */ = {isa = PBXFileReference; fileEncoding = 4; lastKnownFileType = sourcecode.swift; path = UIStoryboard.swift; sourceTree = "<group>"; };
		12C793CA1E912DAD00B9389F /* UITableView.swift */ = {isa = PBXFileReference; fileEncoding = 4; lastKnownFileType = sourcecode.swift; path = UITableView.swift; sourceTree = "<group>"; };
		12C793CB1E912DAD00B9389F /* UIViewController.swift */ = {isa = PBXFileReference; fileEncoding = 4; lastKnownFileType = sourcecode.swift; path = UIViewController.swift; sourceTree = "<group>"; };
		12C793D81E9135F300B9389F /* ReportsCoordinator.swift */ = {isa = PBXFileReference; fileEncoding = 4; lastKnownFileType = sourcecode.swift; path = ReportsCoordinator.swift; sourceTree = "<group>"; };
		12C793D91E9135F300B9389F /* ReportsCoordinatorImplementation.swift */ = {isa = PBXFileReference; fileEncoding = 4; lastKnownFileType = sourcecode.swift; path = ReportsCoordinatorImplementation.swift; sourceTree = "<group>"; };
		12C793DA1E9135F300B9389F /* ReportsCoordinatorOutput.swift */ = {isa = PBXFileReference; fileEncoding = 4; lastKnownFileType = sourcecode.swift; path = ReportsCoordinatorOutput.swift; sourceTree = "<group>"; };
		12C793DF1E9135F300B9389F /* PresentationCell.swift */ = {isa = PBXFileReference; fileEncoding = 4; lastKnownFileType = sourcecode.swift; path = PresentationCell.swift; sourceTree = "<group>"; };
		12C793E01E9135F300B9389F /* PresentationCell.xib */ = {isa = PBXFileReference; fileEncoding = 4; lastKnownFileType = file.xib; path = PresentationCell.xib; sourceTree = "<group>"; };
		12C793E11E9135F300B9389F /* PresentationCellViewModel.swift */ = {isa = PBXFileReference; fileEncoding = 4; lastKnownFileType = sourcecode.swift; path = PresentationCellViewModel.swift; sourceTree = "<group>"; };
		12C793E21E9135F300B9389F /* FeedView.swift */ = {isa = PBXFileReference; fileEncoding = 4; lastKnownFileType = sourcecode.swift; path = FeedView.swift; sourceTree = "<group>"; };
		12C793E31E9135F300B9389F /* FeedViewController.swift */ = {isa = PBXFileReference; fileEncoding = 4; lastKnownFileType = sourcecode.swift; path = FeedViewController.swift; sourceTree = "<group>"; };
		12C793E51E9135F300B9389F /* FeedModuleOutput.swift */ = {isa = PBXFileReference; fileEncoding = 4; lastKnownFileType = sourcecode.swift; path = FeedModuleOutput.swift; sourceTree = "<group>"; };
		12C793E61E9135F300B9389F /* FeedViewModel.swift */ = {isa = PBXFileReference; fileEncoding = 4; lastKnownFileType = sourcecode.swift; path = FeedViewModel.swift; sourceTree = "<group>"; };
		12C793E71E9135F300B9389F /* FeedViewModelImplementation.swift */ = {isa = PBXFileReference; fileEncoding = 4; lastKnownFileType = sourcecode.swift; path = FeedViewModelImplementation.swift; sourceTree = "<group>"; };
		12C793EB1E9135F300B9389F /* FilterCellViewModel.swift */ = {isa = PBXFileReference; fileEncoding = 4; lastKnownFileType = sourcecode.swift; path = FilterCellViewModel.swift; sourceTree = "<group>"; };
		12C793EC1E9135F300B9389F /* SectionFilterCellViewModel.swift */ = {isa = PBXFileReference; fileEncoding = 4; lastKnownFileType = sourcecode.swift; path = SectionFilterCellViewModel.swift; sourceTree = "<group>"; };
		12C793EE1E9135F300B9389F /* TickFilterCell.swift */ = {isa = PBXFileReference; fileEncoding = 4; lastKnownFileType = sourcecode.swift; path = TickFilterCell.swift; sourceTree = "<group>"; };
		12C793EF1E9135F300B9389F /* TickFilterCell.xib */ = {isa = PBXFileReference; fileEncoding = 4; lastKnownFileType = file.xib; path = TickFilterCell.xib; sourceTree = "<group>"; };
		12C793F01E9135F300B9389F /* TickFilterCellViewModel.swift */ = {isa = PBXFileReference; fileEncoding = 4; lastKnownFileType = sourcecode.swift; path = TickFilterCellViewModel.swift; sourceTree = "<group>"; };
		12C793F11E9135F300B9389F /* FiltersView.swift */ = {isa = PBXFileReference; fileEncoding = 4; lastKnownFileType = sourcecode.swift; path = FiltersView.swift; sourceTree = "<group>"; };
		12C793F21E9135F300B9389F /* FiltersViewController.swift */ = {isa = PBXFileReference; fileEncoding = 4; lastKnownFileType = sourcecode.swift; path = FiltersViewController.swift; sourceTree = "<group>"; };
		12C793F41E9135F300B9389F /* FilterModuleOutput.swift */ = {isa = PBXFileReference; fileEncoding = 4; lastKnownFileType = sourcecode.swift; path = FilterModuleOutput.swift; sourceTree = "<group>"; };
		12C793F61E9135F300B9389F /* FilterCellViewModelFactory.swift */ = {isa = PBXFileReference; fileEncoding = 4; lastKnownFileType = sourcecode.swift; path = FilterCellViewModelFactory.swift; sourceTree = "<group>"; };
		12C793F71E9135F300B9389F /* FilterCellViewModelFactoryImplementation.swift */ = {isa = PBXFileReference; fileEncoding = 4; lastKnownFileType = sourcecode.swift; path = FilterCellViewModelFactoryImplementation.swift; sourceTree = "<group>"; };
		12C793F81E9135F300B9389F /* FiltersViewModel.swift */ = {isa = PBXFileReference; fileEncoding = 4; lastKnownFileType = sourcecode.swift; path = FiltersViewModel.swift; sourceTree = "<group>"; };
		12C793F91E9135F300B9389F /* FiltersViewModelImplementation.swift */ = {isa = PBXFileReference; fileEncoding = 4; lastKnownFileType = sourcecode.swift; path = FiltersViewModelImplementation.swift; sourceTree = "<group>"; };
		12C793FA1E9135F300B9389F /* Reports.storyboard */ = {isa = PBXFileReference; fileEncoding = 4; lastKnownFileType = file.storyboard; path = Reports.storyboard; sourceTree = "<group>"; };
		12C794151E913D6400B9389F /* FavouritesFeedAssembly.swift */ = {isa = PBXFileReference; fileEncoding = 4; lastKnownFileType = sourcecode.swift; path = FavouritesFeedAssembly.swift; sourceTree = "<group>"; };
		12C794181E913DEB00B9389F /* ReportsFeedAssembly.swift */ = {isa = PBXFileReference; fileEncoding = 4; lastKnownFileType = sourcecode.swift; path = ReportsFeedAssembly.swift; sourceTree = "<group>"; };
		12C7941B1E913E8100B9389F /* ReportsFiltersAssembly.swift */ = {isa = PBXFileReference; fileEncoding = 4; lastKnownFileType = sourcecode.swift; path = ReportsFiltersAssembly.swift; sourceTree = "<group>"; };
		12C7941E1E913F8E00B9389F /* ReportsUserStoryAssembliesFactory.swift */ = {isa = PBXFileReference; fileEncoding = 4; lastKnownFileType = sourcecode.swift; path = ReportsUserStoryAssembliesFactory.swift; sourceTree = "<group>"; };
		12C794201E913FF800B9389F /* ReportsUserStoryAssembliesFactoryImplementation.swift */ = {isa = PBXFileReference; fileEncoding = 4; lastKnownFileType = sourcecode.swift; path = ReportsUserStoryAssembliesFactoryImplementation.swift; sourceTree = "<group>"; };
		19E758D4E38E6E1B9BEB60EF /* Pods_StachkaIOS.framework */ = {isa = PBXFileReference; explicitFileType = wrapper.framework; includeInIndex = 0; path = Pods_StachkaIOS.framework; sourceTree = BUILT_PRODUCTS_DIR; };
		9E10514E1E8D939E00B83411 /* FilterService.swift */ = {isa = PBXFileReference; fileEncoding = 4; lastKnownFileType = sourcecode.swift; path = FilterService.swift; sourceTree = "<group>"; };
		9E1051501E8D93EF00B83411 /* FilterServiceImplementation.swift */ = {isa = PBXFileReference; fileEncoding = 4; lastKnownFileType = sourcecode.swift; path = FilterServiceImplementation.swift; sourceTree = "<group>"; };
		9E1051531E8E46EF00B83411 /* FilterFactory.swift */ = {isa = PBXFileReference; fileEncoding = 4; lastKnownFileType = sourcecode.swift; path = FilterFactory.swift; sourceTree = "<group>"; };
		9E1051551E8E470600B83411 /* FilterFactoryImplementation.swift */ = {isa = PBXFileReference; fileEncoding = 4; lastKnownFileType = sourcecode.swift; path = FilterFactoryImplementation.swift; sourceTree = "<group>"; };
		9E1051621E8EBB5700B83411 /* RealmConfigurator.swift */ = {isa = PBXFileReference; fileEncoding = 4; lastKnownFileType = sourcecode.swift; path = RealmConfigurator.swift; sourceTree = "<group>"; };
		9E1051641E8EBB8400B83411 /* RealmConfiguratorImplementation.swift */ = {isa = PBXFileReference; fileEncoding = 4; lastKnownFileType = sourcecode.swift; path = RealmConfiguratorImplementation.swift; sourceTree = "<group>"; };
		9E1051671E8F07F500B83411 /* Deserializer.swift */ = {isa = PBXFileReference; fileEncoding = 4; lastKnownFileType = sourcecode.swift; path = Deserializer.swift; sourceTree = "<group>"; };
		9E1051681E8F07F500B83411 /* JSONDeserializer.swift */ = {isa = PBXFileReference; fileEncoding = 4; lastKnownFileType = sourcecode.swift; path = JSONDeserializer.swift; sourceTree = "<group>"; };
		9E10516A1E8F07F500B83411 /* NetworkClient.swift */ = {isa = PBXFileReference; fileEncoding = 4; lastKnownFileType = sourcecode.swift; path = NetworkClient.swift; sourceTree = "<group>"; };
		9E10516B1E8F07F500B83411 /* NetworkClientImplementation.swift */ = {isa = PBXFileReference; fileEncoding = 4; lastKnownFileType = sourcecode.swift; path = NetworkClientImplementation.swift; sourceTree = "<group>"; };
		9E10516D1E8F07F500B83411 /* NetworkRequestConstants.swift */ = {isa = PBXFileReference; fileEncoding = 4; lastKnownFileType = sourcecode.swift; path = NetworkRequestConstants.swift; sourceTree = "<group>"; };
		9E10516E1E8F07F500B83411 /* NetworkRequestErrors.swift */ = {isa = PBXFileReference; fileEncoding = 4; lastKnownFileType = sourcecode.swift; path = NetworkRequestErrors.swift; sourceTree = "<group>"; };
		9E10516F1E8F07F500B83411 /* RequestBuilder.swift */ = {isa = PBXFileReference; fileEncoding = 4; lastKnownFileType = sourcecode.swift; path = RequestBuilder.swift; sourceTree = "<group>"; };
		9E1051701E8F07F500B83411 /* RequestBuilderConfiguration.swift */ = {isa = PBXFileReference; fileEncoding = 4; lastKnownFileType = sourcecode.swift; path = RequestBuilderConfiguration.swift; sourceTree = "<group>"; };
		9E1051711E8F07F500B83411 /* RequestBuilderImplementation.swift */ = {isa = PBXFileReference; fileEncoding = 4; lastKnownFileType = sourcecode.swift; path = RequestBuilderImplementation.swift; sourceTree = "<group>"; };
		9E1051761E8F07F500B83411 /* URLBuilder.swift */ = {isa = PBXFileReference; fileEncoding = 4; lastKnownFileType = sourcecode.swift; path = URLBuilder.swift; sourceTree = "<group>"; };
		9E1051771E8F07F500B83411 /* URLBuilderImplementation.swift */ = {isa = PBXFileReference; fileEncoding = 4; lastKnownFileType = sourcecode.swift; path = URLBuilderImplementation.swift; sourceTree = "<group>"; };
		9E1051781E8F07F500B83411 /* URLParametersTransformable.swift */ = {isa = PBXFileReference; fileEncoding = 4; lastKnownFileType = sourcecode.swift; path = URLParametersTransformable.swift; sourceTree = "<group>"; };
		9E1051881E8F0C7900B83411 /* PresentationService.swift */ = {isa = PBXFileReference; fileEncoding = 4; lastKnownFileType = sourcecode.swift; path = PresentationService.swift; sourceTree = "<group>"; };
		9E10518B1E8F8F4200B83411 /* Presentation.swift */ = {isa = PBXFileReference; fileEncoding = 4; lastKnownFileType = sourcecode.swift; path = Presentation.swift; sourceTree = "<group>"; };
		9E10518D1E8F8FC300B83411 /* PresentationServcieConfiguration.swift */ = {isa = PBXFileReference; fileEncoding = 4; lastKnownFileType = sourcecode.swift; path = PresentationServcieConfiguration.swift; sourceTree = "<group>"; };
		9E10518F1E8F90FC00B83411 /* PresentationServiceImplementation.swift */ = {isa = PBXFileReference; fileEncoding = 4; lastKnownFileType = sourcecode.swift; path = PresentationServiceImplementation.swift; sourceTree = "<group>"; };
		9E1051941E8F9C8100B83411 /* SearchConfigurationFactory.swift */ = {isa = PBXFileReference; fileEncoding = 4; lastKnownFileType = sourcecode.swift; path = SearchConfigurationFactory.swift; sourceTree = "<group>"; };
		9E1051961E8F9CCB00B83411 /* SearchConfigurationFactoryImplementation.swift */ = {isa = PBXFileReference; fileEncoding = 4; lastKnownFileType = sourcecode.swift; path = SearchConfigurationFactoryImplementation.swift; sourceTree = "<group>"; };
		9E5D0CB91E8996E500E8B226 /* CoordinatorConfigurable.swift */ = {isa = PBXFileReference; fileEncoding = 4; lastKnownFileType = sourcecode.swift; path = CoordinatorConfigurable.swift; sourceTree = "<group>"; };
		9E5D0CBC1E89975900E8B226 /* ModuleInput.swift */ = {isa = PBXFileReference; fileEncoding = 4; lastKnownFileType = sourcecode.swift; path = ModuleInput.swift; sourceTree = "<group>"; };
		9E5D0CBE1E899D9F00E8B226 /* CoordinatorOutput.swift */ = {isa = PBXFileReference; fileEncoding = 4; lastKnownFileType = sourcecode.swift; path = CoordinatorOutput.swift; sourceTree = "<group>"; };
		9E5D0CC41E899E7700E8B226 /* Filter.swift */ = {isa = PBXFileReference; fileEncoding = 4; lastKnownFileType = sourcecode.swift; path = Filter.swift; sourceTree = "<group>"; };
		9E5D0CC61E899F1500E8B226 /* SectionFilter.swift */ = {isa = PBXFileReference; fileEncoding = 4; lastKnownFileType = sourcecode.swift; path = SectionFilter.swift; sourceTree = "<group>"; };
		9ED902611E86B8BC004CBEFD /* StachkaIOS.app */ = {isa = PBXFileReference; explicitFileType = wrapper.application; includeInIndex = 0; path = StachkaIOS.app; sourceTree = BUILT_PRODUCTS_DIR; };
		9ED902691E86B8BC004CBEFD /* Base */ = {isa = PBXFileReference; lastKnownFileType = file.storyboard; name = Base; path = Base.lproj/Main.storyboard; sourceTree = "<group>"; };
		9ED9026B1E86B8BC004CBEFD /* Assets.xcassets */ = {isa = PBXFileReference; lastKnownFileType = folder.assetcatalog; path = Assets.xcassets; sourceTree = "<group>"; };
		9ED9026E1E86B8BC004CBEFD /* Base */ = {isa = PBXFileReference; lastKnownFileType = file.storyboard; name = Base; path = Base.lproj/LaunchScreen.storyboard; sourceTree = "<group>"; };
		9ED902701E86B8BC004CBEFD /* Info.plist */ = {isa = PBXFileReference; lastKnownFileType = text.plist.xml; path = Info.plist; sourceTree = "<group>"; };
		9ED902751E86B8BC004CBEFD /* StachkaIOSTests.xctest */ = {isa = PBXFileReference; explicitFileType = wrapper.cfbundle; includeInIndex = 0; path = StachkaIOSTests.xctest; sourceTree = BUILT_PRODUCTS_DIR; };
		9ED902791E86B8BC004CBEFD /* StachkaIOSTests.swift */ = {isa = PBXFileReference; lastKnownFileType = sourcecode.swift; path = StachkaIOSTests.swift; sourceTree = "<group>"; };
		9ED9027B1E86B8BC004CBEFD /* Info.plist */ = {isa = PBXFileReference; lastKnownFileType = text.plist.xml; path = Info.plist; sourceTree = "<group>"; };
		9ED902861E86B940004CBEFD /* AppDelegate.swift */ = {isa = PBXFileReference; fileEncoding = 4; lastKnownFileType = sourcecode.swift; path = AppDelegate.swift; sourceTree = "<group>"; };
		9ED902921E86BA02004CBEFD /* Coordinator.swift */ = {isa = PBXFileReference; fileEncoding = 4; lastKnownFileType = sourcecode.swift; path = Coordinator.swift; sourceTree = "<group>"; };
		9ED902941E86BA25004CBEFD /* CoordinatorWithDependencies.swift */ = {isa = PBXFileReference; fileEncoding = 4; lastKnownFileType = sourcecode.swift; path = CoordinatorWithDependencies.swift; sourceTree = "<group>"; };
		9ED902971E86BA6F004CBEFD /* AssemblyFactory.swift */ = {isa = PBXFileReference; fileEncoding = 4; lastKnownFileType = sourcecode.swift; path = AssemblyFactory.swift; sourceTree = "<group>"; };
		9ED9029D1E86BC1E004CBEFD /* ApplicationCoordinator.swift */ = {isa = PBXFileReference; fileEncoding = 4; lastKnownFileType = sourcecode.swift; path = ApplicationCoordinator.swift; sourceTree = "<group>"; };
		9ED9029F1E86BC4A004CBEFD /* ApplicationCoordinatorImplementation.swift */ = {isa = PBXFileReference; fileEncoding = 4; lastKnownFileType = sourcecode.swift; path = ApplicationCoordinatorImplementation.swift; sourceTree = "<group>"; };
		9ED902AE1E87A1A2004CBEFD /* AssemblyFactoryImplementation.swift */ = {isa = PBXFileReference; fileEncoding = 4; lastKnownFileType = sourcecode.swift; path = AssemblyFactoryImplementation.swift; sourceTree = "<group>"; };
		9ED902B51E87A662004CBEFD /* CoordinatorAssembly.swift */ = {isa = PBXFileReference; fileEncoding = 4; lastKnownFileType = sourcecode.swift; path = CoordinatorAssembly.swift; sourceTree = "<group>"; };
		9ED902B61E87A662004CBEFD /* CoordinatorAssemblyImplementation.swift */ = {isa = PBXFileReference; fileEncoding = 4; lastKnownFileType = sourcecode.swift; path = CoordinatorAssemblyImplementation.swift; sourceTree = "<group>"; };
		9ED902B91E87A6BF004CBEFD /* HelperAssembly.swift */ = {isa = PBXFileReference; fileEncoding = 4; lastKnownFileType = sourcecode.swift; path = HelperAssembly.swift; sourceTree = "<group>"; };
		9ED902BB1E87A6DC004CBEFD /* HelperAssemblyImplementation.swift */ = {isa = PBXFileReference; fileEncoding = 4; lastKnownFileType = sourcecode.swift; path = HelperAssemblyImplementation.swift; sourceTree = "<group>"; };
		9ED902BD1E87A718004CBEFD /* ServiceAssembly.swift */ = {isa = PBXFileReference; fileEncoding = 4; lastKnownFileType = sourcecode.swift; path = ServiceAssembly.swift; sourceTree = "<group>"; };
		9ED902BF1E87A74C004CBEFD /* ServiceAssemblyImplementation.swift */ = {isa = PBXFileReference; fileEncoding = 4; lastKnownFileType = sourcecode.swift; path = ServiceAssemblyImplementation.swift; sourceTree = "<group>"; };
		9ED902C11E87A770004CBEFD /* CoreAssembly.swift */ = {isa = PBXFileReference; fileEncoding = 4; lastKnownFileType = sourcecode.swift; path = CoreAssembly.swift; sourceTree = "<group>"; };
		9ED902C31E87A7A6004CBEFD /* CoreAssemblyImplementation.swift */ = {isa = PBXFileReference; fileEncoding = 4; lastKnownFileType = sourcecode.swift; path = CoreAssemblyImplementation.swift; sourceTree = "<group>"; };
		9ED902C51E87A7D0004CBEFD /* UserStoryAssembly.swift */ = {isa = PBXFileReference; fileEncoding = 4; lastKnownFileType = sourcecode.swift; path = UserStoryAssembly.swift; sourceTree = "<group>"; };
		9ED902C71E87A7EC004CBEFD /* UserStoryAssemblyImplementation.swift */ = {isa = PBXFileReference; fileEncoding = 4; lastKnownFileType = sourcecode.swift; path = UserStoryAssemblyImplementation.swift; sourceTree = "<group>"; };
		9ED902CA1E87C4C7004CBEFD /* ModuleOutputProvider.swift */ = {isa = PBXFileReference; fileEncoding = 4; lastKnownFileType = sourcecode.swift; path = ModuleOutputProvider.swift; sourceTree = "<group>"; };
		9ED902CD1E87C52B004CBEFD /* ModuleOutput.swift */ = {isa = PBXFileReference; fileEncoding = 4; lastKnownFileType = sourcecode.swift; path = ModuleOutput.swift; sourceTree = "<group>"; };
		9ED902E41E87DAEE004CBEFD /* FavouritesFeedViewModelImplementation.swift */ = {isa = PBXFileReference; fileEncoding = 4; lastKnownFileType = sourcecode.swift; path = FavouritesFeedViewModelImplementation.swift; sourceTree = "<group>"; };
		9ED902E61E87DB0C004CBEFD /* FavouritesFeedModuleOutput.swift */ = {isa = PBXFileReference; fileEncoding = 4; lastKnownFileType = sourcecode.swift; path = FavouritesFeedModuleOutput.swift; sourceTree = "<group>"; };
		9ED902EA1E87DD9F004CBEFD /* FavouritesFeedViewModel.swift */ = {isa = PBXFileReference; fileEncoding = 4; lastKnownFileType = sourcecode.swift; path = FavouritesFeedViewModel.swift; sourceTree = "<group>"; };
		9ED902F11E87E3BD004CBEFD /* FavouritesCoordinator.swift */ = {isa = PBXFileReference; fileEncoding = 4; lastKnownFileType = sourcecode.swift; path = FavouritesCoordinator.swift; sourceTree = "<group>"; };
		9ED902F31E87E3D5004CBEFD /* FavouritesCoordinatorImplementation.swift */ = {isa = PBXFileReference; fileEncoding = 4; lastKnownFileType = sourcecode.swift; path = FavouritesCoordinatorImplementation.swift; sourceTree = "<group>"; };
		9ED902F91E880DA7004CBEFD /* ConfigurableCell.swift */ = {isa = PBXFileReference; fileEncoding = 4; lastKnownFileType = sourcecode.swift; path = ConfigurableCell.swift; sourceTree = "<group>"; };
		9ED903091E88E69E004CBEFD /* OnboardingViewController.swift */ = {isa = PBXFileReference; fileEncoding = 4; lastKnownFileType = sourcecode.swift; path = OnboardingViewController.swift; sourceTree = "<group>"; };
		CEA2A6E714E84E1F33ADB781 /* Pods-StachkaIOS.debug.xcconfig */ = {isa = PBXFileReference; includeInIndex = 1; lastKnownFileType = text.xcconfig; name = "Pods-StachkaIOS.debug.xcconfig"; path = "Pods/Target Support Files/Pods-StachkaIOS/Pods-StachkaIOS.debug.xcconfig"; sourceTree = "<group>"; };
/* End PBXFileReference section */

/* Begin PBXFrameworksBuildPhase section */
		9ED9025E1E86B8BC004CBEFD /* Frameworks */ = {
			isa = PBXFrameworksBuildPhase;
			buildActionMask = 2147483647;
			files = (
				5AF5A1545E1A8BF150582F85 /* Pods_StachkaIOS.framework in Frameworks */,
			);
			runOnlyForDeploymentPostprocessing = 0;
		};
		9ED902721E86B8BC004CBEFD /* Frameworks */ = {
			isa = PBXFrameworksBuildPhase;
			buildActionMask = 2147483647;
			files = (
			);
			runOnlyForDeploymentPostprocessing = 0;
		};
/* End PBXFrameworksBuildPhase section */

/* Begin PBXGroup section */
		128AEF581E9104AD003FD79A /* Assembly */ = {
			isa = PBXGroup;
			children = (
				128AEF5C1E91070F003FD79A /* OnboardingAssembly.swift */,
			);
			path = Assembly;
			sourceTree = "<group>";
		};
		128AEF591E91068E003FD79A /* ModuleAssembly */ = {
			isa = PBXGroup;
			children = (
				128AEF5A1E91069A003FD79A /* ModuleAssembly.swift */,
			);
			path = ModuleAssembly;
			sourceTree = "<group>";
		};
		128AEF5E1E9107DE003FD79A /* Constants */ = {
			isa = PBXGroup;
			children = (
				128AEF5F1E9107E4003FD79A /* Constants.swift */,
			);
			path = Constants;
			sourceTree = "<group>";
		};
		128AEF611E910944003FD79A /* InitialUserStoriesCoordinatorsFactory */ = {
			isa = PBXGroup;
			children = (
				128AEF621E910944003FD79A /* InitialUserStoriesCoordinatorsFactory.swift */,
				128AEF631E910944003FD79A /* InitialUserStoriesCoordinatorsFactoryImplementation.swift */,
			);
			path = InitialUserStoriesCoordinatorsFactory;
			sourceTree = "<group>";
		};
		12C793B91E912C6B00B9389F /* ApplicationCoordinatorFactory */ = {
			isa = PBXGroup;
			children = (
				12C793BA1E912C6B00B9389F /* ApplicationCoordinatorFactory.swift */,
			);
			path = ApplicationCoordinatorFactory;
			sourceTree = "<group>";
		};
		12C793C01E912D4B00B9389F /* UserInterface */ = {
			isa = PBXGroup;
			children = (
				12C793C11E912D4B00B9389F /* AppTabBarController */,
			);
			path = UserInterface;
			sourceTree = "<group>";
		};
		12C793C11E912D4B00B9389F /* AppTabBarController */ = {
			isa = PBXGroup;
			children = (
				12C793C21E912D4B00B9389F /* AppTabBarController.swift */,
			);
			path = AppTabBarController;
			sourceTree = "<group>";
		};
		12C793C41E912DAD00B9389F /* Extensions */ = {
			isa = PBXGroup;
			children = (
				12C793C51E912DAD00B9389F /* Observable.swift */,
				12C793C61E912DAD00B9389F /* TabBarEmbedding.swift */,
				12C793C71E912DAD00B9389F /* UIColor.swift */,
				12C793C81E912DAD00B9389F /* UIImage.swift */,
				12C793C91E912DAD00B9389F /* UIStoryboard.swift */,
				12C793CA1E912DAD00B9389F /* UITableView.swift */,
				12C793CB1E912DAD00B9389F /* UIViewController.swift */,
			);
			path = Extensions;
			sourceTree = "<group>";
		};
		12C793D61E9135F300B9389F /* Reports */ = {
			isa = PBXGroup;
			children = (
				12C793D71E9135F300B9389F /* Coordinator */,
				12C793DB1E9135F300B9389F /* Feed */,
				12C793E81E9135F300B9389F /* Filters */,
				12C793FA1E9135F300B9389F /* Reports.storyboard */,
			);
			path = Reports;
			sourceTree = "<group>";
		};
		12C793D71E9135F300B9389F /* Coordinator */ = {
			isa = PBXGroup;
			children = (
				12C7941D1E913F7E00B9389F /* ReportsUserStoryAssembliesFactory */,
				12C793D81E9135F300B9389F /* ReportsCoordinator.swift */,
				12C793D91E9135F300B9389F /* ReportsCoordinatorImplementation.swift */,
				12C793DA1E9135F300B9389F /* ReportsCoordinatorOutput.swift */,
			);
			path = Coordinator;
			sourceTree = "<group>";
		};
		12C793DB1E9135F300B9389F /* Feed */ = {
			isa = PBXGroup;
			children = (
				12C794171E913DD700B9389F /* Assembly */,
				12C793DC1E9135F300B9389F /* View */,
				12C793E41E9135F300B9389F /* ViewModel */,
			);
			path = Feed;
			sourceTree = "<group>";
		};
		12C793DC1E9135F300B9389F /* View */ = {
			isa = PBXGroup;
			children = (
				12C793DD1E9135F300B9389F /* Cells */,
				12C793E21E9135F300B9389F /* FeedView.swift */,
				12C793E31E9135F300B9389F /* FeedViewController.swift */,
			);
			path = View;
			sourceTree = "<group>";
		};
		12C793DD1E9135F300B9389F /* Cells */ = {
			isa = PBXGroup;
			children = (
				12C793DE1E9135F300B9389F /* PresentationCell */,
			);
			path = Cells;
			sourceTree = "<group>";
		};
		12C793DE1E9135F300B9389F /* PresentationCell */ = {
			isa = PBXGroup;
			children = (
				12C793DF1E9135F300B9389F /* PresentationCell.swift */,
				12C793E01E9135F300B9389F /* PresentationCell.xib */,
				12C793E11E9135F300B9389F /* PresentationCellViewModel.swift */,
			);
			path = PresentationCell;
			sourceTree = "<group>";
		};
		12C793E41E9135F300B9389F /* ViewModel */ = {
			isa = PBXGroup;
			children = (
				12C793E51E9135F300B9389F /* FeedModuleOutput.swift */,
				12C793E61E9135F300B9389F /* FeedViewModel.swift */,
				12C793E71E9135F300B9389F /* FeedViewModelImplementation.swift */,
			);
			path = ViewModel;
			sourceTree = "<group>";
		};
		12C793E81E9135F300B9389F /* Filters */ = {
			isa = PBXGroup;
			children = (
				12C7941A1E913E6D00B9389F /* Assembly */,
				12C793E91E9135F300B9389F /* View */,
				12C793F31E9135F300B9389F /* ViewModel */,
			);
			path = Filters;
			sourceTree = "<group>";
		};
		12C793E91E9135F300B9389F /* View */ = {
			isa = PBXGroup;
			children = (
				12C793EA1E9135F300B9389F /* Cells */,
				12C793F11E9135F300B9389F /* FiltersView.swift */,
				12C793F21E9135F300B9389F /* FiltersViewController.swift */,
			);
			path = View;
			sourceTree = "<group>";
		};
		12C793EA1E9135F300B9389F /* Cells */ = {
			isa = PBXGroup;
			children = (
				12C793EB1E9135F300B9389F /* FilterCellViewModel.swift */,
				12C793EC1E9135F300B9389F /* SectionFilterCellViewModel.swift */,
				12C793ED1E9135F300B9389F /* TickFilterCell */,
			);
			path = Cells;
			sourceTree = "<group>";
		};
		12C793ED1E9135F300B9389F /* TickFilterCell */ = {
			isa = PBXGroup;
			children = (
				12C793EE1E9135F300B9389F /* TickFilterCell.swift */,
				12C793EF1E9135F300B9389F /* TickFilterCell.xib */,
				12C793F01E9135F300B9389F /* TickFilterCellViewModel.swift */,
			);
			path = TickFilterCell;
			sourceTree = "<group>";
		};
		12C793F31E9135F300B9389F /* ViewModel */ = {
			isa = PBXGroup;
			children = (
				12C793F41E9135F300B9389F /* FilterModuleOutput.swift */,
				12C793F51E9135F300B9389F /* FiltersCellViewModelFactory */,
				12C793F81E9135F300B9389F /* FiltersViewModel.swift */,
				12C793F91E9135F300B9389F /* FiltersViewModelImplementation.swift */,
			);
			path = ViewModel;
			sourceTree = "<group>";
		};
		12C793F51E9135F300B9389F /* FiltersCellViewModelFactory */ = {
			isa = PBXGroup;
			children = (
				12C793F61E9135F300B9389F /* FilterCellViewModelFactory.swift */,
				12C793F71E9135F300B9389F /* FilterCellViewModelFactoryImplementation.swift */,
			);
			path = FiltersCellViewModelFactory;
			sourceTree = "<group>";
		};
		12C794141E913D6400B9389F /* Assembly */ = {
			isa = PBXGroup;
			children = (
				12C794151E913D6400B9389F /* FavouritesFeedAssembly.swift */,
			);
			path = Assembly;
			sourceTree = "<group>";
		};
		12C794171E913DD700B9389F /* Assembly */ = {
			isa = PBXGroup;
			children = (
				12C794181E913DEB00B9389F /* ReportsFeedAssembly.swift */,
			);
			path = Assembly;
			sourceTree = "<group>";
		};
		12C7941A1E913E6D00B9389F /* Assembly */ = {
			isa = PBXGroup;
			children = (
				12C7941B1E913E8100B9389F /* ReportsFiltersAssembly.swift */,
			);
			path = Assembly;
			sourceTree = "<group>";
		};
		12C7941D1E913F7E00B9389F /* ReportsUserStoryAssembliesFactory */ = {
			isa = PBXGroup;
			children = (
				12C7941E1E913F8E00B9389F /* ReportsUserStoryAssembliesFactory.swift */,
				12C794201E913FF800B9389F /* ReportsUserStoryAssembliesFactoryImplementation.swift */,
			);
			path = ReportsUserStoryAssembliesFactory;
			sourceTree = "<group>";
		};
		9A43D1B1BE2F9F15D41DDA93 /* Pods */ = {
			isa = PBXGroup;
			children = (
				CEA2A6E714E84E1F33ADB781 /* Pods-StachkaIOS.debug.xcconfig */,
				03D475E69874851AD2BBC16E /* Pods-StachkaIOS.release.xcconfig */,
			);
			name = Pods;
			sourceTree = "<group>";
		};
		9E10514D1E8D939000B83411 /* FilterService */ = {
			isa = PBXGroup;
			children = (
				9E10514E1E8D939E00B83411 /* FilterService.swift */,
				9E1051501E8D93EF00B83411 /* FilterServiceImplementation.swift */,
			);
			path = FilterService;
			sourceTree = "<group>";
		};
		9E1051521E8E46B000B83411 /* FilterFactory */ = {
			isa = PBXGroup;
			children = (
				9E1051531E8E46EF00B83411 /* FilterFactory.swift */,
				9E1051551E8E470600B83411 /* FilterFactoryImplementation.swift */,
			);
			path = FilterFactory;
			sourceTree = "<group>";
		};
		9E1051611E8EBB4B00B83411 /* RealmConfigurator */ = {
			isa = PBXGroup;
			children = (
				9E1051621E8EBB5700B83411 /* RealmConfigurator.swift */,
				9E1051641E8EBB8400B83411 /* RealmConfiguratorImplementation.swift */,
			);
			path = RealmConfigurator;
			sourceTree = "<group>";
		};
		9E1051661E8F07F500B83411 /* Deserializer */ = {
			isa = PBXGroup;
			children = (
				9E1051671E8F07F500B83411 /* Deserializer.swift */,
				9E1051681E8F07F500B83411 /* JSONDeserializer.swift */,
			);
			path = Deserializer;
			sourceTree = "<group>";
		};
		9E1051691E8F07F500B83411 /* NetworkClient */ = {
			isa = PBXGroup;
			children = (
				9E10516A1E8F07F500B83411 /* NetworkClient.swift */,
				9E10516B1E8F07F500B83411 /* NetworkClientImplementation.swift */,
			);
			path = NetworkClient;
			sourceTree = "<group>";
		};
		9E10516C1E8F07F500B83411 /* RequestBuilder */ = {
			isa = PBXGroup;
			children = (
				9E10516D1E8F07F500B83411 /* NetworkRequestConstants.swift */,
				9E10516E1E8F07F500B83411 /* NetworkRequestErrors.swift */,
				9E10516F1E8F07F500B83411 /* RequestBuilder.swift */,
				9E1051701E8F07F500B83411 /* RequestBuilderConfiguration.swift */,
				9E1051711E8F07F500B83411 /* RequestBuilderImplementation.swift */,
			);
			path = RequestBuilder;
			sourceTree = "<group>";
		};
		9E1051721E8F07F500B83411 /* URLBuilder */ = {
			isa = PBXGroup;
			children = (
				9E1051761E8F07F500B83411 /* URLBuilder.swift */,
				9E1051771E8F07F500B83411 /* URLBuilderImplementation.swift */,
				9E1051781E8F07F500B83411 /* URLParametersTransformable.swift */,
			);
			path = URLBuilder;
			sourceTree = "<group>";
		};
		9E1051871E8F0C6C00B83411 /* PresentationService */ = {
			isa = PBXGroup;
			children = (
				9E1051881E8F0C7900B83411 /* PresentationService.swift */,
				9E10518D1E8F8FC300B83411 /* PresentationServcieConfiguration.swift */,
				9E10518F1E8F90FC00B83411 /* PresentationServiceImplementation.swift */,
			);
			path = PresentationService;
			sourceTree = "<group>";
		};
		9E10518A1E8F8F3200B83411 /* Presentation */ = {
			isa = PBXGroup;
			children = (
				9E10518B1E8F8F4200B83411 /* Presentation.swift */,
			);
			path = Presentation;
			sourceTree = "<group>";
		};
		9E1051931E8F9C7100B83411 /* SearchConfigurationFactory */ = {
			isa = PBXGroup;
			children = (
				9E1051941E8F9C8100B83411 /* SearchConfigurationFactory.swift */,
				9E1051961E8F9CCB00B83411 /* SearchConfigurationFactoryImplementation.swift */,
			);
			path = SearchConfigurationFactory;
			sourceTree = "<group>";
		};
		9E5D0CBB1E89974F00E8B226 /* ModuleInput */ = {
			isa = PBXGroup;
			children = (
				9E5D0CBC1E89975900E8B226 /* ModuleInput.swift */,
			);
			path = ModuleInput;
			sourceTree = "<group>";
		};
		9E5D0CC21E899E6B00E8B226 /* Entities */ = {
			isa = PBXGroup;
			children = (
				9E10518A1E8F8F3200B83411 /* Presentation */,
				9E5D0CC31E899E6B00E8B226 /* Filter */,
			);
			name = Entities;
			path = Classes/Entities;
			sourceTree = "<group>";
		};
		9E5D0CC31E899E6B00E8B226 /* Filter */ = {
			isa = PBXGroup;
			children = (
				9E5D0CC41E899E7700E8B226 /* Filter.swift */,
				9E5D0CC61E899F1500E8B226 /* SectionFilter.swift */,
			);
			path = Filter;
			sourceTree = "<group>";
		};
		9ED902581E86B8BC004CBEFD = {
			isa = PBXGroup;
			children = (
				9ED902631E86B8BC004CBEFD /* StachkaIOS */,
				9ED902781E86B8BC004CBEFD /* StachkaIOSTests */,
				9ED902621E86B8BC004CBEFD /* Products */,
				9A43D1B1BE2F9F15D41DDA93 /* Pods */,
				E164D3AA8056481FDA9D5DE5 /* Frameworks */,
			);
			sourceTree = "<group>";
		};
		9ED902621E86B8BC004CBEFD /* Products */ = {
			isa = PBXGroup;
			children = (
				9ED902611E86B8BC004CBEFD /* StachkaIOS.app */,
				9ED902751E86B8BC004CBEFD /* StachkaIOSTests.xctest */,
			);
			name = Products;
			sourceTree = "<group>";
		};
		9ED902631E86B8BC004CBEFD /* StachkaIOS */ = {
			isa = PBXGroup;
			children = (
				9ED902841E86B8D7004CBEFD /* Classes */,
				9ED902681E86B8BC004CBEFD /* Main.storyboard */,
				9ED9026B1E86B8BC004CBEFD /* Assets.xcassets */,
				9ED9026D1E86B8BC004CBEFD /* LaunchScreen.storyboard */,
				9ED902701E86B8BC004CBEFD /* Info.plist */,
			);
			path = StachkaIOS;
			sourceTree = "<group>";
		};
		9ED902781E86B8BC004CBEFD /* StachkaIOSTests */ = {
			isa = PBXGroup;
			children = (
				9ED902791E86B8BC004CBEFD /* StachkaIOSTests.swift */,
				9ED9027B1E86B8BC004CBEFD /* Info.plist */,
			);
			path = StachkaIOSTests;
			sourceTree = "<group>";
		};
		9ED902841E86B8D7004CBEFD /* Classes */ = {
			isa = PBXGroup;
			children = (
				9ED902851E86B940004CBEFD /* Application */,
				9E5D0CC21E899E6B00E8B226 /* Entities */,
				9ED9028E1E86B97D004CBEFD /* Coordinators */,
				9ED9028A1E86B949004CBEFD /* Helpers */,
				9ED9028B1E86B949004CBEFD /* Services */,
				9ED9028C1E86B949004CBEFD /* Core */,
				9ED9028D1E86B949004CBEFD /* User Stories */,
			);
			name = Classes;
			sourceTree = "<group>";
		};
		9ED902851E86B940004CBEFD /* Application */ = {
			isa = PBXGroup;
			children = (
				9ED9029C1E86BC12004CBEFD /* Coordinator */,
				9ED902961E86BA5E004CBEFD /* AssemblyFactory */,
				9ED902861E86B940004CBEFD /* AppDelegate.swift */,
			);
			name = Application;
			path = Classes/Application;
			sourceTree = "<group>";
		};
		9ED9028A1E86B949004CBEFD /* Helpers */ = {
			isa = PBXGroup;
			children = (
				9ED902B31E87A600004CBEFD /* Assembly */,
				9ED902F81E880D9B004CBEFD /* ConfigurableCell */,
				128AEF5E1E9107DE003FD79A /* Constants */,
				12C793C41E912DAD00B9389F /* Extensions */,
				9E1051521E8E46B000B83411 /* FilterFactory */,
				128AEF591E91068E003FD79A /* ModuleAssembly */,
				9E5D0CBB1E89974F00E8B226 /* ModuleInput */,
				9ED902CC1E87C51E004CBEFD /* ModuleOutput */,
				9ED902C91E87C4BA004CBEFD /* ModuleOutputProvider */,
				9E1051931E8F9C7100B83411 /* SearchConfigurationFactory */,
				12C793C01E912D4B00B9389F /* UserInterface */,
			);
			name = Helpers;
			path = Classes/Helpers;
			sourceTree = "<group>";
		};
		9ED9028B1E86B949004CBEFD /* Services */ = {
			isa = PBXGroup;
			children = (
				9E1051871E8F0C6C00B83411 /* PresentationService */,
				9E10514D1E8D939000B83411 /* FilterService */,
				9ED902B21E87A5E6004CBEFD /* Assembly */,
			);
			name = Services;
			path = Classes/Services;
			sourceTree = "<group>";
		};
		9ED9028C1E86B949004CBEFD /* Core */ = {
			isa = PBXGroup;
			children = (
				9E1051661E8F07F500B83411 /* Deserializer */,
				9E1051691E8F07F500B83411 /* NetworkClient */,
				9E10516C1E8F07F500B83411 /* RequestBuilder */,
				9E1051721E8F07F500B83411 /* URLBuilder */,
				9E1051611E8EBB4B00B83411 /* RealmConfigurator */,
				9ED902B11E87A5CE004CBEFD /* Assembly */,
			);
			name = Core;
			path = Classes/Core;
			sourceTree = "<group>";
		};
		9ED9028D1E86B949004CBEFD /* User Stories */ = {
			isa = PBXGroup;
			children = (
				9ED902B01E87A5AD004CBEFD /* Assembly */,
				9ED902D31E87C64B004CBEFD /* Favourites */,
				9ED903071E88E68D004CBEFD /* Onboarding */,
				12C793D61E9135F300B9389F /* Reports */,
			);
			name = "User Stories";
			path = "Classes/User Stories";
			sourceTree = "<group>";
		};
		9ED9028E1E86B97D004CBEFD /* Coordinators */ = {
			isa = PBXGroup;
			children = (
				9ED902B41E87A662004CBEFD /* Assembly */,
				9ED902911E86BA02004CBEFD /* Abstract */,
			);
			name = Coordinators;
			path = Classes/Coordinators;
			sourceTree = "<group>";
		};
		9ED902911E86BA02004CBEFD /* Abstract */ = {
			isa = PBXGroup;
			children = (
				9ED902921E86BA02004CBEFD /* Coordinator.swift */,
				9ED902941E86BA25004CBEFD /* CoordinatorWithDependencies.swift */,
			);
			path = Abstract;
			sourceTree = "<group>";
		};
		9ED902961E86BA5E004CBEFD /* AssemblyFactory */ = {
			isa = PBXGroup;
			children = (
				9ED902971E86BA6F004CBEFD /* AssemblyFactory.swift */,
				9ED902AE1E87A1A2004CBEFD /* AssemblyFactoryImplementation.swift */,
			);
			path = AssemblyFactory;
			sourceTree = "<group>";
		};
		9ED9029C1E86BC12004CBEFD /* Coordinator */ = {
			isa = PBXGroup;
			children = (
				12C793B91E912C6B00B9389F /* ApplicationCoordinatorFactory */,
				128AEF611E910944003FD79A /* InitialUserStoriesCoordinatorsFactory */,
				9ED9029D1E86BC1E004CBEFD /* ApplicationCoordinator.swift */,
				9ED9029F1E86BC4A004CBEFD /* ApplicationCoordinatorImplementation.swift */,
			);
			path = Coordinator;
			sourceTree = "<group>";
		};
		9ED902B01E87A5AD004CBEFD /* Assembly */ = {
			isa = PBXGroup;
			children = (
				9ED902C51E87A7D0004CBEFD /* UserStoryAssembly.swift */,
				9ED902C71E87A7EC004CBEFD /* UserStoryAssemblyImplementation.swift */,
			);
			path = Assembly;
			sourceTree = "<group>";
		};
		9ED902B11E87A5CE004CBEFD /* Assembly */ = {
			isa = PBXGroup;
			children = (
				9ED902C11E87A770004CBEFD /* CoreAssembly.swift */,
				9ED902C31E87A7A6004CBEFD /* CoreAssemblyImplementation.swift */,
			);
			path = Assembly;
			sourceTree = "<group>";
		};
		9ED902B21E87A5E6004CBEFD /* Assembly */ = {
			isa = PBXGroup;
			children = (
				9ED902BD1E87A718004CBEFD /* ServiceAssembly.swift */,
				9ED902BF1E87A74C004CBEFD /* ServiceAssemblyImplementation.swift */,
			);
			path = Assembly;
			sourceTree = "<group>";
		};
		9ED902B31E87A600004CBEFD /* Assembly */ = {
			isa = PBXGroup;
			children = (
				9ED902B91E87A6BF004CBEFD /* HelperAssembly.swift */,
				9ED902BB1E87A6DC004CBEFD /* HelperAssemblyImplementation.swift */,
			);
			path = Assembly;
			sourceTree = "<group>";
		};
		9ED902B41E87A662004CBEFD /* Assembly */ = {
			isa = PBXGroup;
			children = (
				9ED902B51E87A662004CBEFD /* CoordinatorAssembly.swift */,
				9ED902B61E87A662004CBEFD /* CoordinatorAssemblyImplementation.swift */,
			);
			path = Assembly;
			sourceTree = "<group>";
		};
		9ED902C91E87C4BA004CBEFD /* ModuleOutputProvider */ = {
			isa = PBXGroup;
			children = (
				9ED902CA1E87C4C7004CBEFD /* ModuleOutputProvider.swift */,
			);
			path = ModuleOutputProvider;
			sourceTree = "<group>";
		};
		9ED902CC1E87C51E004CBEFD /* ModuleOutput */ = {
			isa = PBXGroup;
			children = (
				9ED902CD1E87C52B004CBEFD /* ModuleOutput.swift */,
				9E5D0CB91E8996E500E8B226 /* CoordinatorConfigurable.swift */,
				9E5D0CBE1E899D9F00E8B226 /* CoordinatorOutput.swift */,
			);
			path = ModuleOutput;
			sourceTree = "<group>";
		};
		9ED902D31E87C64B004CBEFD /* Favourites */ = {
			isa = PBXGroup;
			children = (
				9ED902F01E87E380004CBEFD /* Coordinator */,
				9ED902E21E87DAB6004CBEFD /* Feed */,
			);
			path = Favourites;
			sourceTree = "<group>";
		};
		9ED902E21E87DAB6004CBEFD /* Feed */ = {
			isa = PBXGroup;
			children = (
				12C794141E913D6400B9389F /* Assembly */,
				9ED902E31E87DAB6004CBEFD /* ViewModel */,
			);
			path = Feed;
			sourceTree = "<group>";
		};
		9ED902E31E87DAB6004CBEFD /* ViewModel */ = {
			isa = PBXGroup;
			children = (
				9ED902E41E87DAEE004CBEFD /* FavouritesFeedViewModelImplementation.swift */,
				9ED902E61E87DB0C004CBEFD /* FavouritesFeedModuleOutput.swift */,
				9ED902EA1E87DD9F004CBEFD /* FavouritesFeedViewModel.swift */,
			);
			path = ViewModel;
			sourceTree = "<group>";
		};
		9ED902F01E87E380004CBEFD /* Coordinator */ = {
			isa = PBXGroup;
			children = (
				9ED902F11E87E3BD004CBEFD /* FavouritesCoordinator.swift */,
				9ED902F31E87E3D5004CBEFD /* FavouritesCoordinatorImplementation.swift */,
			);
			path = Coordinator;
			sourceTree = "<group>";
		};
		9ED902F81E880D9B004CBEFD /* ConfigurableCell */ = {
			isa = PBXGroup;
			children = (
				9ED902F91E880DA7004CBEFD /* ConfigurableCell.swift */,
			);
			path = ConfigurableCell;
			sourceTree = "<group>";
		};
		9ED903071E88E68D004CBEFD /* Onboarding */ = {
			isa = PBXGroup;
			children = (
				128AEF581E9104AD003FD79A /* Assembly */,
				9ED903081E88E68D004CBEFD /* View */,
			);
			path = Onboarding;
			sourceTree = "<group>";
		};
		9ED903081E88E68D004CBEFD /* View */ = {
			isa = PBXGroup;
			children = (
				9ED903091E88E69E004CBEFD /* OnboardingViewController.swift */,
			);
			path = View;
			sourceTree = "<group>";
		};
		E164D3AA8056481FDA9D5DE5 /* Frameworks */ = {
			isa = PBXGroup;
			children = (
				19E758D4E38E6E1B9BEB60EF /* Pods_StachkaIOS.framework */,
			);
			name = Frameworks;
			sourceTree = "<group>";
		};
/* End PBXGroup section */

/* Begin PBXNativeTarget section */
		9ED902601E86B8BC004CBEFD /* StachkaIOS */ = {
			isa = PBXNativeTarget;
			buildConfigurationList = 9ED9027E1E86B8BC004CBEFD /* Build configuration list for PBXNativeTarget "StachkaIOS" */;
			buildPhases = (
				51DAF60D779CF7A8E6E2FACB /* [CP] Check Pods Manifest.lock */,
				9ED9025D1E86B8BC004CBEFD /* Sources */,
				9ED9025E1E86B8BC004CBEFD /* Frameworks */,
				9ED9025F1E86B8BC004CBEFD /* Resources */,
				D00316BC4E00748A7F9F15AC /* [CP] Embed Pods Frameworks */,
				5478376588D980A09A33F54B /* [CP] Copy Pods Resources */,
				9E1051481E8B99DD00B83411 /* Embed Frameworks */,
			);
			buildRules = (
			);
			dependencies = (
			);
			name = StachkaIOS;
			productName = StachkaIOS;
			productReference = 9ED902611E86B8BC004CBEFD /* StachkaIOS.app */;
			productType = "com.apple.product-type.application";
		};
		9ED902741E86B8BC004CBEFD /* StachkaIOSTests */ = {
			isa = PBXNativeTarget;
			buildConfigurationList = 9ED902811E86B8BC004CBEFD /* Build configuration list for PBXNativeTarget "StachkaIOSTests" */;
			buildPhases = (
				9ED902711E86B8BC004CBEFD /* Sources */,
				9ED902721E86B8BC004CBEFD /* Frameworks */,
				9ED902731E86B8BC004CBEFD /* Resources */,
			);
			buildRules = (
			);
			dependencies = (
				9ED902771E86B8BC004CBEFD /* PBXTargetDependency */,
			);
			name = StachkaIOSTests;
			productName = StachkaIOSTests;
			productReference = 9ED902751E86B8BC004CBEFD /* StachkaIOSTests.xctest */;
			productType = "com.apple.product-type.bundle.unit-test";
		};
/* End PBXNativeTarget section */

/* Begin PBXProject section */
		9ED902591E86B8BC004CBEFD /* Project object */ = {
			isa = PBXProject;
			attributes = {
				LastSwiftUpdateCheck = 0830;
				LastUpgradeCheck = 0830;
				ORGANIZATIONNAME = m.rakhmanov;
				TargetAttributes = {
					9ED902601E86B8BC004CBEFD = {
						CreatedOnToolsVersion = 8.3;
						DevelopmentTeam = 346J5L65KC;
						ProvisioningStyle = Automatic;
					};
					9ED902741E86B8BC004CBEFD = {
						CreatedOnToolsVersion = 8.3;
						DevelopmentTeam = 346J5L65KC;
						ProvisioningStyle = Automatic;
						TestTargetID = 9ED902601E86B8BC004CBEFD;
					};
				};
			};
			buildConfigurationList = 9ED9025C1E86B8BC004CBEFD /* Build configuration list for PBXProject "StachkaIOS" */;
			compatibilityVersion = "Xcode 3.2";
			developmentRegion = English;
			hasScannedForEncodings = 0;
			knownRegions = (
				en,
				Base,
			);
			mainGroup = 9ED902581E86B8BC004CBEFD;
			productRefGroup = 9ED902621E86B8BC004CBEFD /* Products */;
			projectDirPath = "";
			projectRoot = "";
			targets = (
				9ED902601E86B8BC004CBEFD /* StachkaIOS */,
				9ED902741E86B8BC004CBEFD /* StachkaIOSTests */,
			);
		};
/* End PBXProject section */

/* Begin PBXResourcesBuildPhase section */
		9ED9025F1E86B8BC004CBEFD /* Resources */ = {
			isa = PBXResourcesBuildPhase;
			buildActionMask = 2147483647;
			files = (
				9ED9026F1E86B8BC004CBEFD /* LaunchScreen.storyboard in Resources */,
				12C793FF1E9135F300B9389F /* PresentationCell.xib in Resources */,
				12C794121E9135F300B9389F /* Reports.storyboard in Resources */,
				9ED9026C1E86B8BC004CBEFD /* Assets.xcassets in Resources */,
				12C794091E9135F300B9389F /* TickFilterCell.xib in Resources */,
				9ED9026A1E86B8BC004CBEFD /* Main.storyboard in Resources */,
			);
			runOnlyForDeploymentPostprocessing = 0;
		};
		9ED902731E86B8BC004CBEFD /* Resources */ = {
			isa = PBXResourcesBuildPhase;
			buildActionMask = 2147483647;
			files = (
			);
			runOnlyForDeploymentPostprocessing = 0;
		};
/* End PBXResourcesBuildPhase section */

/* Begin PBXShellScriptBuildPhase section */
		51DAF60D779CF7A8E6E2FACB /* [CP] Check Pods Manifest.lock */ = {
			isa = PBXShellScriptBuildPhase;
			buildActionMask = 2147483647;
			files = (
			);
			inputPaths = (
			);
			name = "[CP] Check Pods Manifest.lock";
			outputPaths = (
			);
			runOnlyForDeploymentPostprocessing = 0;
			shellPath = /bin/sh;
			shellScript = "diff \"${PODS_ROOT}/../Podfile.lock\" \"${PODS_ROOT}/Manifest.lock\" > /dev/null\nif [ $? != 0 ] ; then\n    # print error to STDERR\n    echo \"error: The sandbox is not in sync with the Podfile.lock. Run 'pod install' or update your CocoaPods installation.\" >&2\n    exit 1\nfi\n";
			showEnvVarsInLog = 0;
		};
		5478376588D980A09A33F54B /* [CP] Copy Pods Resources */ = {
			isa = PBXShellScriptBuildPhase;
			buildActionMask = 2147483647;
			files = (
			);
			inputPaths = (
			);
			name = "[CP] Copy Pods Resources";
			outputPaths = (
			);
			runOnlyForDeploymentPostprocessing = 0;
			shellPath = /bin/sh;
			shellScript = "\"${SRCROOT}/Pods/Target Support Files/Pods-StachkaIOS/Pods-StachkaIOS-resources.sh\"\n";
			showEnvVarsInLog = 0;
		};
		D00316BC4E00748A7F9F15AC /* [CP] Embed Pods Frameworks */ = {
			isa = PBXShellScriptBuildPhase;
			buildActionMask = 2147483647;
			files = (
			);
			inputPaths = (
			);
			name = "[CP] Embed Pods Frameworks";
			outputPaths = (
			);
			runOnlyForDeploymentPostprocessing = 0;
			shellPath = /bin/sh;
			shellScript = "\"${SRCROOT}/Pods/Target Support Files/Pods-StachkaIOS/Pods-StachkaIOS-frameworks.sh\"\n";
			showEnvVarsInLog = 0;
		};
/* End PBXShellScriptBuildPhase section */

/* Begin PBXSourcesBuildPhase section */
		9ED9025D1E86B8BC004CBEFD /* Sources */ = {
			isa = PBXSourcesBuildPhase;
			buildActionMask = 2147483647;
			files = (
				9E1051631E8EBB5700B83411 /* RealmConfigurator.swift in Sources */,
				9E5D0CC51E899E7700E8B226 /* Filter.swift in Sources */,
				128AEF641E910944003FD79A /* InitialUserStoriesCoordinatorsFactory.swift in Sources */,
				9ED902C01E87A74C004CBEFD /* ServiceAssemblyImplementation.swift in Sources */,
				128AEF5D1E91070F003FD79A /* OnboardingAssembly.swift in Sources */,
				9E10517A1E8F07F500B83411 /* JSONDeserializer.swift in Sources */,
				9E1051851E8F07F500B83411 /* URLBuilderImplementation.swift in Sources */,
				12C7941F1E913F8E00B9389F /* ReportsUserStoryAssembliesFactory.swift in Sources */,
				9E1051901E8F90FC00B83411 /* PresentationServiceImplementation.swift in Sources */,
				12C794011E9135F300B9389F /* FeedView.swift in Sources */,
				9ED902C41E87A7A6004CBEFD /* CoreAssemblyImplementation.swift in Sources */,
				9ED902CB1E87C4C7004CBEFD /* ModuleOutputProvider.swift in Sources */,
				9E10514F1E8D939E00B83411 /* FilterService.swift in Sources */,
				9E5D0CC71E899F1500E8B226 /* SectionFilter.swift in Sources */,
				9E1051841E8F07F500B83411 /* URLBuilder.swift in Sources */,
				9E5D0CBF1E899D9F00E8B226 /* CoordinatorOutput.swift in Sources */,
				9E1051801E8F07F500B83411 /* RequestBuilderConfiguration.swift in Sources */,
				12C794061E9135F300B9389F /* FilterCellViewModel.swift in Sources */,
				12C794081E9135F300B9389F /* TickFilterCell.swift in Sources */,
				9ED902981E86BA6F004CBEFD /* AssemblyFactory.swift in Sources */,
				9E10517F1E8F07F500B83411 /* RequestBuilder.swift in Sources */,
				9E10517E1E8F07F500B83411 /* NetworkRequestErrors.swift in Sources */,
				12C794071E9135F300B9389F /* SectionFilterCellViewModel.swift in Sources */,
				9ED902AF1E87A1A2004CBEFD /* AssemblyFactoryImplementation.swift in Sources */,
				9E10517D1E8F07F500B83411 /* NetworkRequestConstants.swift in Sources */,
				12C794031E9135F300B9389F /* FeedModuleOutput.swift in Sources */,
				12C793C31E912D4B00B9389F /* AppTabBarController.swift in Sources */,
				9E10517C1E8F07F500B83411 /* NetworkClientImplementation.swift in Sources */,
				9ED902F41E87E3D5004CBEFD /* FavouritesCoordinatorImplementation.swift in Sources */,
				9ED902B81E87A662004CBEFD /* CoordinatorAssemblyImplementation.swift in Sources */,
				9ED902FA1E880DA7004CBEFD /* ConfigurableCell.swift in Sources */,
				9E1051861E8F07F500B83411 /* URLParametersTransformable.swift in Sources */,
				12C7940C1E9135F300B9389F /* FiltersViewController.swift in Sources */,
				9E1051951E8F9C8100B83411 /* SearchConfigurationFactory.swift in Sources */,
				12C794101E9135F300B9389F /* FiltersViewModel.swift in Sources */,
				12C794041E9135F300B9389F /* FeedViewModel.swift in Sources */,
				9E1051651E8EBB8400B83411 /* RealmConfiguratorImplementation.swift in Sources */,
				12C7940D1E9135F300B9389F /* FilterModuleOutput.swift in Sources */,
				12C7940F1E9135F300B9389F /* FilterCellViewModelFactoryImplementation.swift in Sources */,
				128AEF651E910944003FD79A /* InitialUserStoriesCoordinatorsFactoryImplementation.swift in Sources */,
				9ED902E71E87DB0C004CBEFD /* FavouritesFeedModuleOutput.swift in Sources */,
				12C7940A1E9135F300B9389F /* TickFilterCellViewModel.swift in Sources */,
				128AEF601E9107E4003FD79A /* Constants.swift in Sources */,
				9ED902951E86BA25004CBEFD /* CoordinatorWithDependencies.swift in Sources */,
				12C793D01E912DAD00B9389F /* UIStoryboard.swift in Sources */,
				9E1051541E8E46EF00B83411 /* FilterFactory.swift in Sources */,
				9E5D0CBD1E89975900E8B226 /* ModuleInput.swift in Sources */,
				9ED902C21E87A770004CBEFD /* CoreAssembly.swift in Sources */,
				12C793FE1E9135F300B9389F /* PresentationCell.swift in Sources */,
				12C793CF1E912DAD00B9389F /* UIImage.swift in Sources */,
				9ED902EB1E87DD9F004CBEFD /* FavouritesFeedViewModel.swift in Sources */,
				9ED902A01E86BC4A004CBEFD /* ApplicationCoordinatorImplementation.swift in Sources */,
				12C793CC1E912DAD00B9389F /* Observable.swift in Sources */,
				12C794111E9135F300B9389F /* FiltersViewModelImplementation.swift in Sources */,
				9E5D0CBA1E8996E500E8B226 /* CoordinatorConfigurable.swift in Sources */,
				9E1051511E8D93EF00B83411 /* FilterServiceImplementation.swift in Sources */,
				9ED902881E86B940004CBEFD /* AppDelegate.swift in Sources */,
				12C793FB1E9135F300B9389F /* ReportsCoordinator.swift in Sources */,
				9E10517B1E8F07F500B83411 /* NetworkClient.swift in Sources */,
				9ED902C61E87A7D0004CBEFD /* UserStoryAssembly.swift in Sources */,
				12C794191E913DEB00B9389F /* ReportsFeedAssembly.swift in Sources */,
				12C793BB1E912C6B00B9389F /* ApplicationCoordinatorFactory.swift in Sources */,
				9E1051791E8F07F500B83411 /* Deserializer.swift in Sources */,
				9ED902E51E87DAEE004CBEFD /* FavouritesFeedViewModelImplementation.swift in Sources */,
				12C794051E9135F300B9389F /* FeedViewModelImplementation.swift in Sources */,
				9ED902BE1E87A718004CBEFD /* ServiceAssembly.swift in Sources */,
				9E10518E1E8F8FC300B83411 /* PresentationServcieConfiguration.swift in Sources */,
				9ED902C81E87A7EC004CBEFD /* UserStoryAssemblyImplementation.swift in Sources */,
				9ED902CE1E87C52B004CBEFD /* ModuleOutput.swift in Sources */,
				12C793CE1E912DAD00B9389F /* UIColor.swift in Sources */,
				12C7940E1E9135F300B9389F /* FilterCellViewModelFactory.swift in Sources */,
				9ED902931E86BA02004CBEFD /* Coordinator.swift in Sources */,
				12C794001E9135F300B9389F /* PresentationCellViewModel.swift in Sources */,
				9E1051891E8F0C7900B83411 /* PresentationService.swift in Sources */,
				128AEF5B1E91069A003FD79A /* ModuleAssembly.swift in Sources */,
				9ED9029E1E86BC1E004CBEFD /* ApplicationCoordinator.swift in Sources */,
				12C794021E9135F300B9389F /* FeedViewController.swift in Sources */,
				12C793D21E912DAD00B9389F /* UIViewController.swift in Sources */,
				9ED9030A1E88E69E004CBEFD /* OnboardingViewController.swift in Sources */,
				12C793CD1E912DAD00B9389F /* TabBarEmbedding.swift in Sources */,
				12C793FD1E9135F300B9389F /* ReportsCoordinatorOutput.swift in Sources */,
				12C7940B1E9135F300B9389F /* FiltersView.swift in Sources */,
				9ED902F21E87E3BD004CBEFD /* FavouritesCoordinator.swift in Sources */,
				9E1051971E8F9CCB00B83411 /* SearchConfigurationFactoryImplementation.swift in Sources */,
				9E1051561E8E470600B83411 /* FilterFactoryImplementation.swift in Sources */,
				9ED902B71E87A662004CBEFD /* CoordinatorAssembly.swift in Sources */,
				12C793FC1E9135F300B9389F /* ReportsCoordinatorImplementation.swift in Sources */,
				12C7941C1E913E8100B9389F /* ReportsFiltersAssembly.swift in Sources */,
				12C794161E913D6400B9389F /* FavouritesFeedAssembly.swift in Sources */,
				9E10518C1E8F8F4200B83411 /* Presentation.swift in Sources */,
				9ED902BA1E87A6BF004CBEFD /* HelperAssembly.swift in Sources */,
				9ED902BC1E87A6DC004CBEFD /* HelperAssemblyImplementation.swift in Sources */,
				12C793D11E912DAD00B9389F /* UITableView.swift in Sources */,
				9E1051811E8F07F500B83411 /* RequestBuilderImplementation.swift in Sources */,
				12C794211E913FF800B9389F /* ReportsUserStoryAssembliesFactoryImplementation.swift in Sources */,
			);
			runOnlyForDeploymentPostprocessing = 0;
		};
		9ED902711E86B8BC004CBEFD /* Sources */ = {
			isa = PBXSourcesBuildPhase;
			buildActionMask = 2147483647;
			files = (
				9ED9027A1E86B8BC004CBEFD /* StachkaIOSTests.swift in Sources */,
			);
			runOnlyForDeploymentPostprocessing = 0;
		};
/* End PBXSourcesBuildPhase section */

/* Begin PBXTargetDependency section */
		9ED902771E86B8BC004CBEFD /* PBXTargetDependency */ = {
			isa = PBXTargetDependency;
			target = 9ED902601E86B8BC004CBEFD /* StachkaIOS */;
			targetProxy = 9ED902761E86B8BC004CBEFD /* PBXContainerItemProxy */;
		};
/* End PBXTargetDependency section */

/* Begin PBXVariantGroup section */
		9ED902681E86B8BC004CBEFD /* Main.storyboard */ = {
			isa = PBXVariantGroup;
			children = (
				9ED902691E86B8BC004CBEFD /* Base */,
			);
			name = Main.storyboard;
			sourceTree = "<group>";
		};
		9ED9026D1E86B8BC004CBEFD /* LaunchScreen.storyboard */ = {
			isa = PBXVariantGroup;
			children = (
				9ED9026E1E86B8BC004CBEFD /* Base */,
			);
			name = LaunchScreen.storyboard;
			sourceTree = "<group>";
		};
/* End PBXVariantGroup section */

/* Begin XCBuildConfiguration section */
		9ED9027C1E86B8BC004CBEFD /* Debug */ = {
			isa = XCBuildConfiguration;
			buildSettings = {
				ALWAYS_SEARCH_USER_PATHS = NO;
				CLANG_ANALYZER_NONNULL = YES;
				CLANG_ANALYZER_NUMBER_OBJECT_CONVERSION = YES_AGGRESSIVE;
				CLANG_CXX_LANGUAGE_STANDARD = "gnu++0x";
				CLANG_CXX_LIBRARY = "libc++";
				CLANG_ENABLE_MODULES = YES;
				CLANG_ENABLE_OBJC_ARC = YES;
				CLANG_WARN_BOOL_CONVERSION = YES;
				CLANG_WARN_CONSTANT_CONVERSION = YES;
				CLANG_WARN_DIRECT_OBJC_ISA_USAGE = YES_ERROR;
				CLANG_WARN_DOCUMENTATION_COMMENTS = YES;
				CLANG_WARN_EMPTY_BODY = YES;
				CLANG_WARN_ENUM_CONVERSION = YES;
				CLANG_WARN_INFINITE_RECURSION = YES;
				CLANG_WARN_INT_CONVERSION = YES;
				CLANG_WARN_OBJC_ROOT_CLASS = YES_ERROR;
				CLANG_WARN_SUSPICIOUS_MOVE = YES;
				CLANG_WARN_UNREACHABLE_CODE = YES;
				CLANG_WARN__DUPLICATE_METHOD_MATCH = YES;
				"CODE_SIGN_IDENTITY[sdk=iphoneos*]" = "iPhone Developer";
				COPY_PHASE_STRIP = NO;
				DEBUG_INFORMATION_FORMAT = dwarf;
				ENABLE_STRICT_OBJC_MSGSEND = YES;
				ENABLE_TESTABILITY = YES;
				GCC_C_LANGUAGE_STANDARD = gnu99;
				GCC_DYNAMIC_NO_PIC = NO;
				GCC_NO_COMMON_BLOCKS = YES;
				GCC_OPTIMIZATION_LEVEL = 0;
				GCC_PREPROCESSOR_DEFINITIONS = (
					"DEBUG=1",
					"$(inherited)",
				);
				GCC_WARN_64_TO_32_BIT_CONVERSION = YES;
				GCC_WARN_ABOUT_RETURN_TYPE = YES_ERROR;
				GCC_WARN_UNDECLARED_SELECTOR = YES;
				GCC_WARN_UNINITIALIZED_AUTOS = YES_AGGRESSIVE;
				GCC_WARN_UNUSED_FUNCTION = YES;
				GCC_WARN_UNUSED_VARIABLE = YES;
				IPHONEOS_DEPLOYMENT_TARGET = 10.3;
				MTL_ENABLE_DEBUG_INFO = YES;
				ONLY_ACTIVE_ARCH = YES;
				SDKROOT = iphoneos;
				SWIFT_ACTIVE_COMPILATION_CONDITIONS = DEBUG;
				SWIFT_OPTIMIZATION_LEVEL = "-Onone";
				TARGETED_DEVICE_FAMILY = "1,2";
			};
			name = Debug;
		};
		9ED9027D1E86B8BC004CBEFD /* Release */ = {
			isa = XCBuildConfiguration;
			buildSettings = {
				ALWAYS_SEARCH_USER_PATHS = NO;
				CLANG_ANALYZER_NONNULL = YES;
				CLANG_ANALYZER_NUMBER_OBJECT_CONVERSION = YES_AGGRESSIVE;
				CLANG_CXX_LANGUAGE_STANDARD = "gnu++0x";
				CLANG_CXX_LIBRARY = "libc++";
				CLANG_ENABLE_MODULES = YES;
				CLANG_ENABLE_OBJC_ARC = YES;
				CLANG_WARN_BOOL_CONVERSION = YES;
				CLANG_WARN_CONSTANT_CONVERSION = YES;
				CLANG_WARN_DIRECT_OBJC_ISA_USAGE = YES_ERROR;
				CLANG_WARN_DOCUMENTATION_COMMENTS = YES;
				CLANG_WARN_EMPTY_BODY = YES;
				CLANG_WARN_ENUM_CONVERSION = YES;
				CLANG_WARN_INFINITE_RECURSION = YES;
				CLANG_WARN_INT_CONVERSION = YES;
				CLANG_WARN_OBJC_ROOT_CLASS = YES_ERROR;
				CLANG_WARN_SUSPICIOUS_MOVE = YES;
				CLANG_WARN_UNREACHABLE_CODE = YES;
				CLANG_WARN__DUPLICATE_METHOD_MATCH = YES;
				"CODE_SIGN_IDENTITY[sdk=iphoneos*]" = "iPhone Developer";
				COPY_PHASE_STRIP = NO;
				DEBUG_INFORMATION_FORMAT = "dwarf-with-dsym";
				ENABLE_NS_ASSERTIONS = NO;
				ENABLE_STRICT_OBJC_MSGSEND = YES;
				GCC_C_LANGUAGE_STANDARD = gnu99;
				GCC_NO_COMMON_BLOCKS = YES;
				GCC_WARN_64_TO_32_BIT_CONVERSION = YES;
				GCC_WARN_ABOUT_RETURN_TYPE = YES_ERROR;
				GCC_WARN_UNDECLARED_SELECTOR = YES;
				GCC_WARN_UNINITIALIZED_AUTOS = YES_AGGRESSIVE;
				GCC_WARN_UNUSED_FUNCTION = YES;
				GCC_WARN_UNUSED_VARIABLE = YES;
				IPHONEOS_DEPLOYMENT_TARGET = 10.3;
				MTL_ENABLE_DEBUG_INFO = NO;
				SDKROOT = iphoneos;
				SWIFT_OPTIMIZATION_LEVEL = "-Owholemodule";
				TARGETED_DEVICE_FAMILY = "1,2";
				VALIDATE_PRODUCT = YES;
			};
			name = Release;
		};
		9ED9027F1E86B8BC004CBEFD /* Debug */ = {
			isa = XCBuildConfiguration;
			baseConfigurationReference = CEA2A6E714E84E1F33ADB781 /* Pods-StachkaIOS.debug.xcconfig */;
			buildSettings = {
				ASSETCATALOG_COMPILER_APPICON_NAME = AppIcon;
				DEVELOPMENT_TEAM = 346J5L65KC;
				FRAMEWORK_SEARCH_PATHS = (
					"$(inherited)",
					"$(PROJECT_DIR)/StachkaIOS/EmbeddedFrameworks",
				);
				INFOPLIST_FILE = StachkaIOS/Info.plist;
				IPHONEOS_DEPLOYMENT_TARGET = 8.4;
				LD_RUNPATH_SEARCH_PATHS = "$(inherited) @executable_path/Frameworks";
				PRODUCT_BUNDLE_IDENTIFIER = mr.StachkaIOS;
				PRODUCT_NAME = "$(TARGET_NAME)";
				SWIFT_VERSION = 3.0;
			};
			name = Debug;
		};
		9ED902801E86B8BC004CBEFD /* Release */ = {
			isa = XCBuildConfiguration;
			baseConfigurationReference = 03D475E69874851AD2BBC16E /* Pods-StachkaIOS.release.xcconfig */;
			buildSettings = {
				ASSETCATALOG_COMPILER_APPICON_NAME = AppIcon;
				DEVELOPMENT_TEAM = 346J5L65KC;
				FRAMEWORK_SEARCH_PATHS = (
					"$(inherited)",
					"$(PROJECT_DIR)/StachkaIOS/EmbeddedFrameworks",
				);
				INFOPLIST_FILE = StachkaIOS/Info.plist;
				IPHONEOS_DEPLOYMENT_TARGET = 8.4;
				LD_RUNPATH_SEARCH_PATHS = "$(inherited) @executable_path/Frameworks";
				PRODUCT_BUNDLE_IDENTIFIER = mr.StachkaIOS;
				PRODUCT_NAME = "$(TARGET_NAME)";
				SWIFT_VERSION = 3.0;
			};
			name = Release;
		};
		9ED902821E86B8BC004CBEFD /* Debug */ = {
			isa = XCBuildConfiguration;
			buildSettings = {
				ALWAYS_EMBED_SWIFT_STANDARD_LIBRARIES = YES;
				BUNDLE_LOADER = "$(TEST_HOST)";
				DEVELOPMENT_TEAM = 346J5L65KC;
				INFOPLIST_FILE = StachkaIOSTests/Info.plist;
				LD_RUNPATH_SEARCH_PATHS = "$(inherited) @executable_path/Frameworks @loader_path/Frameworks";
				PRODUCT_BUNDLE_IDENTIFIER = mr.StachkaIOSTests;
				PRODUCT_NAME = "$(TARGET_NAME)";
				SWIFT_VERSION = 3.0;
				TEST_HOST = "$(BUILT_PRODUCTS_DIR)/StachkaIOS.app/StachkaIOS";
			};
			name = Debug;
		};
		9ED902831E86B8BC004CBEFD /* Release */ = {
			isa = XCBuildConfiguration;
			buildSettings = {
				ALWAYS_EMBED_SWIFT_STANDARD_LIBRARIES = YES;
				BUNDLE_LOADER = "$(TEST_HOST)";
				DEVELOPMENT_TEAM = 346J5L65KC;
				INFOPLIST_FILE = StachkaIOSTests/Info.plist;
				LD_RUNPATH_SEARCH_PATHS = "$(inherited) @executable_path/Frameworks @loader_path/Frameworks";
				PRODUCT_BUNDLE_IDENTIFIER = mr.StachkaIOSTests;
				PRODUCT_NAME = "$(TARGET_NAME)";
				SWIFT_VERSION = 3.0;
				TEST_HOST = "$(BUILT_PRODUCTS_DIR)/StachkaIOS.app/StachkaIOS";
			};
			name = Release;
		};
/* End XCBuildConfiguration section */

/* Begin XCConfigurationList section */
		9ED9025C1E86B8BC004CBEFD /* Build configuration list for PBXProject "StachkaIOS" */ = {
			isa = XCConfigurationList;
			buildConfigurations = (
				9ED9027C1E86B8BC004CBEFD /* Debug */,
				9ED9027D1E86B8BC004CBEFD /* Release */,
			);
			defaultConfigurationIsVisible = 0;
			defaultConfigurationName = Release;
		};
		9ED9027E1E86B8BC004CBEFD /* Build configuration list for PBXNativeTarget "StachkaIOS" */ = {
			isa = XCConfigurationList;
			buildConfigurations = (
				9ED9027F1E86B8BC004CBEFD /* Debug */,
				9ED902801E86B8BC004CBEFD /* Release */,
			);
			defaultConfigurationIsVisible = 0;
			defaultConfigurationName = Release;
		};
		9ED902811E86B8BC004CBEFD /* Build configuration list for PBXNativeTarget "StachkaIOSTests" */ = {
			isa = XCConfigurationList;
			buildConfigurations = (
				9ED902821E86B8BC004CBEFD /* Debug */,
				9ED902831E86B8BC004CBEFD /* Release */,
			);
			defaultConfigurationIsVisible = 0;
			defaultConfigurationName = Release;
		};
/* End XCConfigurationList section */
	};
	rootObject = 9ED902591E86B8BC004CBEFD /* Project object */;
}
