PODS:
  - Kanna (2.1.1)
  - Kingfisher (3.6.0)
  - ObjectMapper (2.2.5)
  - ObjectMapper+Realm (0.2):
    - ObjectMapper
    - RealmSwift
  - Realm (2.4.3):
    - Realm/Headers (= 2.4.3)
  - Realm/Headers (2.4.3)
  - RealmSwift (2.4.3):
    - Realm (= 2.4.3)
  - RectangleDissolve (0.1.1)
  - RxCocoa (3.2.0):
    - RxSwift (~> 3.1)
  - RxDataSources (1.0.3):
    - RxCocoa (~> 3.0)
    - RxSwift (~> 3.0)
  - RxRealm (0.5.1):
    - RealmSwift (~> 2.2)
    - RxSwift (~> 3.1)
  - RxSwift (3.3.1)

DEPENDENCIES:
  - Kanna (~> 2.1.0)
  - Kingfisher (~> 3.0)
  - ObjectMapper (~> 2.2)
  - ObjectMapper+Realm
  - RectangleDissolve (~> 0.1.1)
  - RxCocoa (~> 3.0)
  - RxDataSources (~> 1.0)
  - RxRealm
  - RxSwift (~> 3.3.0)

SPEC CHECKSUMS:
  Kanna: 9b4b086c218703f2b94f5b21a466217dd2f9332e
  Kingfisher: 300035f9a40634dc9b452d946c9f22250688fecd
  ObjectMapper: fb30f71e08470d1e5a20b199fafe1246281db898
  ObjectMapper+Realm: 8b45dbfa1be145e311a6f93a306c183d630b40a9
  Realm: e08d60b0048ccccd3949c8c28a92c4db5712d7e9
  RealmSwift: 30d49739ccb3385d201242736ca4dda56aec9dfc
  RectangleDissolve: f00b2482ecc00800cec5026e82a16ac68f0916e2
  RxCocoa: ccdf43101a70407097a29082f648ba1676075b30
  RxDataSources: a021a0e944ba5f7991259829d973afdbfa719c0b
  RxRealm: c80d17d42fc362f4d8af4ac62de360b014be5c3f
  RxSwift: 8fc9f2de6275a9101d518444e00bf32f1a42caac

PODFILE CHECKSUM: 923f698a7a222a270b203e3afc9808447c9a5032

COCOAPODS: 1.1.1
